// !$*UTF8*$!
{
	archiveVersion = 1;
	classes = {
	};
	objectVersion = 46;
	objects = {

/* Begin PBXBuildFile section */
		3012ED481E969A180009027D /* AudioMixer.cpp in Sources */ = {isa = PBXBuildFile; fileRef = 3012ED461E969A180009027D /* AudioMixer.cpp */; };
		3012ED501E969AE40009027D /* CookieDataParser.cpp in Sources */ = {isa = PBXBuildFile; fileRef = 3012ED4A1E969AE40009027D /* CookieDataParser.cpp */; };
		3012ED511E969AE40009027D /* CookieDataProvider.cpp in Sources */ = {isa = PBXBuildFile; fileRef = 3012ED4C1E969AE40009027D /* CookieDataProvider.cpp */; };
		3012ED521E969AE40009027D /* CookieDataStorage.cpp in Sources */ = {isa = PBXBuildFile; fileRef = 3012ED4E1E969AE40009027D /* CookieDataStorage.cpp */; };
		3012ED581E969BBB0009027D /* ParentDataProvider.cpp in Sources */ = {isa = PBXBuildFile; fileRef = 3012ED541E969BBB0009027D /* ParentDataProvider.cpp */; };
		3012ED591E969BBB0009027D /* ParentDataStorage.cpp in Sources */ = {isa = PBXBuildFile; fileRef = 3012ED561E969BBB0009027D /* ParentDataStorage.cpp */; };
		3012ED611E969BF60009027D /* ChildDataParser.cpp in Sources */ = {isa = PBXBuildFile; fileRef = 3012ED5B1E969BF60009027D /* ChildDataParser.cpp */; };
		3012ED621E969BF60009027D /* ChildDataProvider.cpp in Sources */ = {isa = PBXBuildFile; fileRef = 3012ED5D1E969BF60009027D /* ChildDataProvider.cpp */; };
		3012ED631E969BF60009027D /* ChildDataStorage.cpp in Sources */ = {isa = PBXBuildFile; fileRef = 3012ED5F1E969BF60009027D /* ChildDataStorage.cpp */; };
		3012ED6F1E96A3140009027D /* TextInputChecker.cpp in Sources */ = {isa = PBXBuildFile; fileRef = 3012ED661E96A3140009027D /* TextInputChecker.cpp */; };
		3012ED701E96A3140009027D /* StringFunctions.cpp in Sources */ = {isa = PBXBuildFile; fileRef = 3012ED6B1E96A3140009027D /* StringFunctions.cpp */; };
		3012ED711E96A3140009027D /* StringMgr.cpp in Sources */ = {isa = PBXBuildFile; fileRef = 3012ED6D1E96A3140009027D /* StringMgr.cpp */; };
		3012ED851E97A8F50009027D /* Notifications_ios.mm in Sources */ = {isa = PBXBuildFile; fileRef = 3012ED831E97A8F50009027D /* Notifications_ios.mm */; };
		3012ED891E97DB450009027D /* ModalMessages.cpp in Sources */ = {isa = PBXBuildFile; fileRef = 3012ED871E97DB450009027D /* ModalMessages.cpp */; };
		3012ED901E97DCC00009027D /* ElectricDreamsDecoration.cpp in Sources */ = {isa = PBXBuildFile; fileRef = 3012ED8A1E97DCC00009027D /* ElectricDreamsDecoration.cpp */; };
		3012ED911E97DCC00009027D /* ElectricDreamsTextStyles.cpp in Sources */ = {isa = PBXBuildFile; fileRef = 3012ED8C1E97DCC00009027D /* ElectricDreamsTextStyles.cpp */; };
		3012ED921E97DCC00009027D /* OomeeButtonLayer.cpp in Sources */ = {isa = PBXBuildFile; fileRef = 3012ED8E1E97DCC00009027D /* OomeeButtonLayer.cpp */; };
		3012ED951E97E5260009027D /* TextInputLayer.cpp in Sources */ = {isa = PBXBuildFile; fileRef = 3012ED931E97E5260009027D /* TextInputLayer.cpp */; };
		3012ED9F1E97E6A40009027D /* ImageDownloader.cpp in Sources */ = {isa = PBXBuildFile; fileRef = 3012ED971E97E6A40009027D /* ImageDownloader.cpp */; };
		3012EDA01E97E6A40009027D /* ImageDownloaderCacheCleanerLogic.cpp in Sources */ = {isa = PBXBuildFile; fileRef = 3012ED991E97E6A40009027D /* ImageDownloaderCacheCleanerLogic.cpp */; };
		3012EDA11E97E6A40009027D /* ImageDownloaderLogic.cpp in Sources */ = {isa = PBXBuildFile; fileRef = 3012ED9B1E97E6A40009027D /* ImageDownloaderLogic.cpp */; };
		3012EDA21E97E6A40009027D /* ImageDownloaderOnScreenChecker.cpp in Sources */ = {isa = PBXBuildFile; fileRef = 3012ED9D1E97E6A40009027D /* ImageDownloaderOnScreenChecker.cpp */; };
		3012EDAF1E97E8450009027D /* HMACSHA256.cpp in Sources */ = {isa = PBXBuildFile; fileRef = 3012EDA51E97E8450009027D /* HMACSHA256.cpp */; };
		3012EDB01E97E8450009027D /* HMACSHA256_ios.mm in Sources */ = {isa = PBXBuildFile; fileRef = 3012EDA81E97E8450009027D /* HMACSHA256_ios.mm */; };
		3012EDB21E97E8450009027D /* JWTTool.cpp in Sources */ = {isa = PBXBuildFile; fileRef = 3012EDAB1E97E8450009027D /* JWTTool.cpp */; };
		3012EDB31E97E8450009027D /* JWTToolForceParent.cpp in Sources */ = {isa = PBXBuildFile; fileRef = 3012EDAD1E97E8450009027D /* JWTToolForceParent.cpp */; };
		30DD5EC61E96571F0084305B /* CrashlyticsConfig_ios.mm in Sources */ = {isa = PBXBuildFile; fileRef = 30DD5EC21E96571F0084305B /* CrashlyticsConfig_ios.mm */; };
		30DD5ECD1E965B710084305B /* Crashlytics.framework in Frameworks */ = {isa = PBXBuildFile; fileRef = 30DD5EC81E9658B40084305B /* Crashlytics.framework */; };
		30DD5ECE1E965B710084305B /* Fabric.framework in Frameworks */ = {isa = PBXBuildFile; fileRef = 30DD5EC91E9658B40084305B /* Fabric.framework */; };
		30DD5ED61E965E060084305B /* AnalyticsSingleton_ios.mm in Sources */ = {isa = PBXBuildFile; fileRef = 30DD5ED21E965E060084305B /* AnalyticsSingleton_ios.mm */; };
		30DD5ED71E965E060084305B /* AnalyticsSingleton.cpp in Sources */ = {isa = PBXBuildFile; fileRef = 30DD5ED31E965E060084305B /* AnalyticsSingleton.cpp */; };
		30DD5EF01E96860C0084305B /* ConfigStorage.cpp in Sources */ = {isa = PBXBuildFile; fileRef = 30DD5EEE1E96860C0084305B /* ConfigStorage.cpp */; };
/* End PBXBuildFile section */

/* Begin PBXFileReference section */
		3012ED461E969A180009027D /* AudioMixer.cpp */ = {isa = PBXFileReference; fileEncoding = 4; lastKnownFileType = sourcecode.cpp.cpp; path = AudioMixer.cpp; sourceTree = "<group>"; };
		3012ED471E969A180009027D /* AudioMixer.h */ = {isa = PBXFileReference; fileEncoding = 4; lastKnownFileType = sourcecode.c.h; path = AudioMixer.h; sourceTree = "<group>"; };
		3012ED4A1E969AE40009027D /* CookieDataParser.cpp */ = {isa = PBXFileReference; fileEncoding = 4; lastKnownFileType = sourcecode.cpp.cpp; path = CookieDataParser.cpp; sourceTree = "<group>"; };
		3012ED4B1E969AE40009027D /* CookieDataParser.h */ = {isa = PBXFileReference; fileEncoding = 4; lastKnownFileType = sourcecode.c.h; path = CookieDataParser.h; sourceTree = "<group>"; };
		3012ED4C1E969AE40009027D /* CookieDataProvider.cpp */ = {isa = PBXFileReference; fileEncoding = 4; lastKnownFileType = sourcecode.cpp.cpp; path = CookieDataProvider.cpp; sourceTree = "<group>"; };
		3012ED4D1E969AE40009027D /* CookieDataProvider.h */ = {isa = PBXFileReference; fileEncoding = 4; lastKnownFileType = sourcecode.c.h; path = CookieDataProvider.h; sourceTree = "<group>"; };
		3012ED4E1E969AE40009027D /* CookieDataStorage.cpp */ = {isa = PBXFileReference; fileEncoding = 4; lastKnownFileType = sourcecode.cpp.cpp; path = CookieDataStorage.cpp; sourceTree = "<group>"; };
		3012ED4F1E969AE40009027D /* CookieDataStorage.h */ = {isa = PBXFileReference; fileEncoding = 4; lastKnownFileType = sourcecode.c.h; path = CookieDataStorage.h; sourceTree = "<group>"; };
		3012ED541E969BBB0009027D /* ParentDataProvider.cpp */ = {isa = PBXFileReference; fileEncoding = 4; lastKnownFileType = sourcecode.cpp.cpp; path = ParentDataProvider.cpp; sourceTree = "<group>"; };
		3012ED551E969BBB0009027D /* ParentDataProvider.h */ = {isa = PBXFileReference; fileEncoding = 4; lastKnownFileType = sourcecode.c.h; path = ParentDataProvider.h; sourceTree = "<group>"; };
		3012ED561E969BBB0009027D /* ParentDataStorage.cpp */ = {isa = PBXFileReference; fileEncoding = 4; lastKnownFileType = sourcecode.cpp.cpp; path = ParentDataStorage.cpp; sourceTree = "<group>"; };
		3012ED571E969BBB0009027D /* ParentDataStorage.h */ = {isa = PBXFileReference; fileEncoding = 4; lastKnownFileType = sourcecode.c.h; path = ParentDataStorage.h; sourceTree = "<group>"; };
		3012ED5B1E969BF60009027D /* ChildDataParser.cpp */ = {isa = PBXFileReference; fileEncoding = 4; lastKnownFileType = sourcecode.cpp.cpp; path = ChildDataParser.cpp; sourceTree = "<group>"; };
		3012ED5C1E969BF60009027D /* ChildDataParser.h */ = {isa = PBXFileReference; fileEncoding = 4; lastKnownFileType = sourcecode.c.h; path = ChildDataParser.h; sourceTree = "<group>"; };
		3012ED5D1E969BF60009027D /* ChildDataProvider.cpp */ = {isa = PBXFileReference; fileEncoding = 4; lastKnownFileType = sourcecode.cpp.cpp; path = ChildDataProvider.cpp; sourceTree = "<group>"; };
		3012ED5E1E969BF60009027D /* ChildDataProvider.h */ = {isa = PBXFileReference; fileEncoding = 4; lastKnownFileType = sourcecode.c.h; path = ChildDataProvider.h; sourceTree = "<group>"; };
		3012ED5F1E969BF60009027D /* ChildDataStorage.cpp */ = {isa = PBXFileReference; fileEncoding = 4; lastKnownFileType = sourcecode.cpp.cpp; path = ChildDataStorage.cpp; sourceTree = "<group>"; };
		3012ED601E969BF60009027D /* ChildDataStorage.h */ = {isa = PBXFileReference; fileEncoding = 4; lastKnownFileType = sourcecode.c.h; path = ChildDataStorage.h; sourceTree = "<group>"; };
		3012ED641E96A3140009027D /* ErrorCodes.h */ = {isa = PBXFileReference; fileEncoding = 4; lastKnownFileType = sourcecode.c.h; path = ErrorCodes.h; sourceTree = "<group>"; };
		3012ED661E96A3140009027D /* TextInputChecker.cpp */ = {isa = PBXFileReference; fileEncoding = 4; lastKnownFileType = sourcecode.cpp.cpp; path = TextInputChecker.cpp; sourceTree = "<group>"; };
		3012ED671E96A3140009027D /* TextInputChecker.h */ = {isa = PBXFileReference; fileEncoding = 4; lastKnownFileType = sourcecode.c.h; path = TextInputChecker.h; sourceTree = "<group>"; };
		3012ED691E96A3140009027D /* Strings.h */ = {isa = PBXFileReference; fileEncoding = 4; lastKnownFileType = sourcecode.c.h; path = Strings.h; sourceTree = "<group>"; };
		3012ED6B1E96A3140009027D /* StringFunctions.cpp */ = {isa = PBXFileReference; fileEncoding = 4; lastKnownFileType = sourcecode.cpp.cpp; path = StringFunctions.cpp; sourceTree = "<group>"; };
		3012ED6C1E96A3140009027D /* StringFunctions.h */ = {isa = PBXFileReference; fileEncoding = 4; lastKnownFileType = sourcecode.c.h; path = StringFunctions.h; sourceTree = "<group>"; };
		3012ED6D1E96A3140009027D /* StringMgr.cpp */ = {isa = PBXFileReference; fileEncoding = 4; lastKnownFileType = sourcecode.cpp.cpp; path = StringMgr.cpp; sourceTree = "<group>"; };
		3012ED6E1E96A3140009027D /* StringMgr.h */ = {isa = PBXFileReference; fileEncoding = 4; lastKnownFileType = sourcecode.c.h; path = StringMgr.h; sourceTree = "<group>"; };
		3012ED811E97A8F50009027D /* Notifications.h */ = {isa = PBXFileReference; fileEncoding = 4; lastKnownFileType = sourcecode.c.h; path = Notifications.h; sourceTree = "<group>"; };
		3012ED821E97A8F50009027D /* Notifications_android.cpp */ = {isa = PBXFileReference; fileEncoding = 4; lastKnownFileType = sourcecode.cpp.cpp; path = Notifications_android.cpp; sourceTree = "<group>"; };
		3012ED831E97A8F50009027D /* Notifications_ios.mm */ = {isa = PBXFileReference; fileEncoding = 4; lastKnownFileType = sourcecode.cpp.objcpp; path = Notifications_ios.mm; sourceTree = "<group>"; };
		3012ED871E97DB450009027D /* ModalMessages.cpp */ = {isa = PBXFileReference; fileEncoding = 4; lastKnownFileType = sourcecode.cpp.cpp; path = ModalMessages.cpp; sourceTree = "<group>"; };
		3012ED881E97DB450009027D /* ModalMessages.h */ = {isa = PBXFileReference; fileEncoding = 4; lastKnownFileType = sourcecode.c.h; path = ModalMessages.h; sourceTree = "<group>"; };
		3012ED8A1E97DCC00009027D /* ElectricDreamsDecoration.cpp */ = {isa = PBXFileReference; fileEncoding = 4; lastKnownFileType = sourcecode.cpp.cpp; path = ElectricDreamsDecoration.cpp; sourceTree = "<group>"; };
		3012ED8B1E97DCC00009027D /* ElectricDreamsDecoration.h */ = {isa = PBXFileReference; fileEncoding = 4; lastKnownFileType = sourcecode.c.h; path = ElectricDreamsDecoration.h; sourceTree = "<group>"; };
		3012ED8C1E97DCC00009027D /* ElectricDreamsTextStyles.cpp */ = {isa = PBXFileReference; fileEncoding = 4; lastKnownFileType = sourcecode.cpp.cpp; path = ElectricDreamsTextStyles.cpp; sourceTree = "<group>"; };
		3012ED8D1E97DCC00009027D /* ElectricDreamsTextStyles.h */ = {isa = PBXFileReference; fileEncoding = 4; lastKnownFileType = sourcecode.c.h; path = ElectricDreamsTextStyles.h; sourceTree = "<group>"; };
		3012ED8E1E97DCC00009027D /* OomeeButtonLayer.cpp */ = {isa = PBXFileReference; fileEncoding = 4; lastKnownFileType = sourcecode.cpp.cpp; path = OomeeButtonLayer.cpp; sourceTree = "<group>"; };
		3012ED8F1E97DCC00009027D /* OomeeButtonLayer.h */ = {isa = PBXFileReference; fileEncoding = 4; lastKnownFileType = sourcecode.c.h; path = OomeeButtonLayer.h; sourceTree = "<group>"; };
		3012ED931E97E5260009027D /* TextInputLayer.cpp */ = {isa = PBXFileReference; fileEncoding = 4; lastKnownFileType = sourcecode.cpp.cpp; path = TextInputLayer.cpp; sourceTree = "<group>"; };
		3012ED941E97E5260009027D /* TextInputLayer.h */ = {isa = PBXFileReference; fileEncoding = 4; lastKnownFileType = sourcecode.c.h; path = TextInputLayer.h; sourceTree = "<group>"; };
		3012ED971E97E6A40009027D /* ImageDownloader.cpp */ = {isa = PBXFileReference; fileEncoding = 4; lastKnownFileType = sourcecode.cpp.cpp; path = ImageDownloader.cpp; sourceTree = "<group>"; };
		3012ED981E97E6A40009027D /* ImageDownloader.h */ = {isa = PBXFileReference; fileEncoding = 4; lastKnownFileType = sourcecode.c.h; path = ImageDownloader.h; sourceTree = "<group>"; };
		3012ED991E97E6A40009027D /* ImageDownloaderCacheCleanerLogic.cpp */ = {isa = PBXFileReference; fileEncoding = 4; lastKnownFileType = sourcecode.cpp.cpp; path = ImageDownloaderCacheCleanerLogic.cpp; sourceTree = "<group>"; };
		3012ED9A1E97E6A40009027D /* ImageDownloaderCacheCleanerLogic.h */ = {isa = PBXFileReference; fileEncoding = 4; lastKnownFileType = sourcecode.c.h; path = ImageDownloaderCacheCleanerLogic.h; sourceTree = "<group>"; };
		3012ED9B1E97E6A40009027D /* ImageDownloaderLogic.cpp */ = {isa = PBXFileReference; fileEncoding = 4; lastKnownFileType = sourcecode.cpp.cpp; path = ImageDownloaderLogic.cpp; sourceTree = "<group>"; };
		3012ED9C1E97E6A40009027D /* ImageDownloaderLogic.h */ = {isa = PBXFileReference; fileEncoding = 4; lastKnownFileType = sourcecode.c.h; path = ImageDownloaderLogic.h; sourceTree = "<group>"; };
		3012ED9D1E97E6A40009027D /* ImageDownloaderOnScreenChecker.cpp */ = {isa = PBXFileReference; fileEncoding = 4; lastKnownFileType = sourcecode.cpp.cpp; path = ImageDownloaderOnScreenChecker.cpp; sourceTree = "<group>"; };
		3012ED9E1E97E6A40009027D /* ImageDownloaderOnScreenChecker.h */ = {isa = PBXFileReference; fileEncoding = 4; lastKnownFileType = sourcecode.c.h; path = ImageDownloaderOnScreenChecker.h; sourceTree = "<group>"; };
		3012EDA51E97E8450009027D /* HMACSHA256.cpp */ = {isa = PBXFileReference; fileEncoding = 4; lastKnownFileType = sourcecode.cpp.cpp; path = HMACSHA256.cpp; sourceTree = "<group>"; };
		3012EDA61E97E8450009027D /* HMACSHA256.h */ = {isa = PBXFileReference; fileEncoding = 4; lastKnownFileType = sourcecode.c.h; path = HMACSHA256.h; sourceTree = "<group>"; };
		3012EDA81E97E8450009027D /* HMACSHA256_ios.mm */ = {isa = PBXFileReference; fileEncoding = 4; lastKnownFileType = sourcecode.cpp.objcpp; path = HMACSHA256_ios.mm; sourceTree = "<group>"; };
		3012EDA91E97E8450009027D /* HMACSHA256_android.cpp */ = {isa = PBXFileReference; fileEncoding = 4; lastKnownFileType = sourcecode.cpp.cpp; path = HMACSHA256_android.cpp; sourceTree = "<group>"; };
		3012EDAB1E97E8450009027D /* JWTTool.cpp */ = {isa = PBXFileReference; fileEncoding = 4; lastKnownFileType = sourcecode.cpp.cpp; path = JWTTool.cpp; sourceTree = "<group>"; };
		3012EDAC1E97E8450009027D /* JWTTool.h */ = {isa = PBXFileReference; fileEncoding = 4; lastKnownFileType = sourcecode.c.h; path = JWTTool.h; sourceTree = "<group>"; };
		3012EDAD1E97E8450009027D /* JWTToolForceParent.cpp */ = {isa = PBXFileReference; fileEncoding = 4; lastKnownFileType = sourcecode.cpp.cpp; path = JWTToolForceParent.cpp; sourceTree = "<group>"; };
		3012EDAE1E97E8450009027D /* JWTToolForceParent.h */ = {isa = PBXFileReference; fileEncoding = 4; lastKnownFileType = sourcecode.c.h; path = JWTToolForceParent.h; sourceTree = "<group>"; };
		3077F4411E8D5048006DA465 /* libAzoomeeCommon.a */ = {isa = PBXFileReference; explicitFileType = archive.ar; includeInIndex = 0; path = libAzoomeeCommon.a; sourceTree = BUILT_PRODUCTS_DIR; };
		30DD5EBF1E96571F0084305B /* CrashlyticsConfig_android.cpp */ = {isa = PBXFileReference; fileEncoding = 4; lastKnownFileType = sourcecode.cpp.cpp; path = CrashlyticsConfig_android.cpp; sourceTree = "<group>"; };
		30DD5EC21E96571F0084305B /* CrashlyticsConfig_ios.mm */ = {isa = PBXFileReference; fileEncoding = 4; lastKnownFileType = sourcecode.cpp.objcpp; path = CrashlyticsConfig_ios.mm; sourceTree = "<group>"; };
		30DD5EC41E96571F0084305B /* CrashlyticsConfig.h */ = {isa = PBXFileReference; fileEncoding = 4; lastKnownFileType = sourcecode.c.h; path = CrashlyticsConfig.h; sourceTree = "<group>"; };
		30DD5EC81E9658B40084305B /* Crashlytics.framework */ = {isa = PBXFileReference; lastKnownFileType = wrapper.framework; name = Crashlytics.framework; path = ../../proj.ios_mac/Crashlytics.framework; sourceTree = "<group>"; };
		30DD5EC91E9658B40084305B /* Fabric.framework */ = {isa = PBXFileReference; lastKnownFileType = wrapper.framework; name = Fabric.framework; path = ../../proj.ios_mac/Fabric.framework; sourceTree = "<group>"; };
		30DD5ECF1E965E060084305B /* AnalyticsSingleton_android.cpp */ = {isa = PBXFileReference; fileEncoding = 4; lastKnownFileType = sourcecode.cpp.cpp; path = AnalyticsSingleton_android.cpp; sourceTree = "<group>"; };
		30DD5ED21E965E060084305B /* AnalyticsSingleton_ios.mm */ = {isa = PBXFileReference; fileEncoding = 4; lastKnownFileType = sourcecode.cpp.objcpp; path = AnalyticsSingleton_ios.mm; sourceTree = "<group>"; };
		30DD5ED31E965E060084305B /* AnalyticsSingleton.cpp */ = {isa = PBXFileReference; fileEncoding = 4; lastKnownFileType = sourcecode.cpp.cpp; path = AnalyticsSingleton.cpp; sourceTree = "<group>"; };
		30DD5ED41E965E060084305B /* AnalyticsSingleton.h */ = {isa = PBXFileReference; fileEncoding = 4; lastKnownFileType = sourcecode.c.h; path = AnalyticsSingleton.h; sourceTree = "<group>"; };
		30DD5EEE1E96860C0084305B /* ConfigStorage.cpp */ = {isa = PBXFileReference; fileEncoding = 4; lastKnownFileType = sourcecode.cpp.cpp; path = ConfigStorage.cpp; sourceTree = "<group>"; };
		30DD5EEF1E96860C0084305B /* ConfigStorage.h */ = {isa = PBXFileReference; fileEncoding = 4; lastKnownFileType = sourcecode.c.h; path = ConfigStorage.h; sourceTree = "<group>"; };
/* End PBXFileReference section */

/* Begin PBXFrameworksBuildPhase section */
		3077F43E1E8D5048006DA465 /* Frameworks */ = {
			isa = PBXFrameworksBuildPhase;
			buildActionMask = 2147483647;
			files = (
				30DD5ECD1E965B710084305B /* Crashlytics.framework in Frameworks */,
				30DD5ECE1E965B710084305B /* Fabric.framework in Frameworks */,
			);
			runOnlyForDeploymentPostprocessing = 0;
		};
/* End PBXFrameworksBuildPhase section */

/* Begin PBXGroup section */
		3012EC581E9691A90009027D /* libs */ = {
			isa = PBXGroup;
			children = (
			);
			path = libs;
			sourceTree = SOURCE_ROOT;
		};
		3012ED451E969A180009027D /* Audio */ = {
			isa = PBXGroup;
			children = (
				3012ED461E969A180009027D /* AudioMixer.cpp */,
				3012ED471E969A180009027D /* AudioMixer.h */,
			);
			path = Audio;
			sourceTree = "<group>";
		};
		3012ED491E969AE40009027D /* Cookie */ = {
			isa = PBXGroup;
			children = (
				3012ED4A1E969AE40009027D /* CookieDataParser.cpp */,
				3012ED4B1E969AE40009027D /* CookieDataParser.h */,
				3012ED4C1E969AE40009027D /* CookieDataProvider.cpp */,
				3012ED4D1E969AE40009027D /* CookieDataProvider.h */,
				3012ED4E1E969AE40009027D /* CookieDataStorage.cpp */,
				3012ED4F1E969AE40009027D /* CookieDataStorage.h */,
			);
			path = Cookie;
			sourceTree = "<group>";
		};
		3012ED531E969BBB0009027D /* Parent */ = {
			isa = PBXGroup;
			children = (
				3012ED541E969BBB0009027D /* ParentDataProvider.cpp */,
				3012ED551E969BBB0009027D /* ParentDataProvider.h */,
				3012ED561E969BBB0009027D /* ParentDataStorage.cpp */,
				3012ED571E969BBB0009027D /* ParentDataStorage.h */,
			);
			path = Parent;
			sourceTree = "<group>";
		};
		3012ED5A1E969BF60009027D /* Child */ = {
			isa = PBXGroup;
			children = (
				3012ED5B1E969BF60009027D /* ChildDataParser.cpp */,
				3012ED5C1E969BF60009027D /* ChildDataParser.h */,
				3012ED5D1E969BF60009027D /* ChildDataProvider.cpp */,
				3012ED5E1E969BF60009027D /* ChildDataProvider.h */,
				3012ED5F1E969BF60009027D /* ChildDataStorage.cpp */,
				3012ED601E969BF60009027D /* ChildDataStorage.h */,
			);
			path = Child;
			sourceTree = "<group>";
		};
		3012ED651E96A3140009027D /* Input */ = {
			isa = PBXGroup;
			children = (
				3012ED931E97E5260009027D /* TextInputLayer.cpp */,
				3012ED941E97E5260009027D /* TextInputLayer.h */,
				3012ED661E96A3140009027D /* TextInputChecker.cpp */,
				3012ED671E96A3140009027D /* TextInputChecker.h */,
			);
			path = Input;
			sourceTree = "<group>";
		};
		3012ED6A1E96A3140009027D /* Utils */ = {
			isa = PBXGroup;
			children = (
				3012ED6B1E96A3140009027D /* StringFunctions.cpp */,
				3012ED6C1E96A3140009027D /* StringFunctions.h */,
				3012ED6D1E96A3140009027D /* StringMgr.cpp */,
				3012ED6E1E96A3140009027D /* StringMgr.h */,
			);
			path = Utils;
			sourceTree = "<group>";
		};
		3012ED801E97A8F50009027D /* Mixpanel */ = {
			isa = PBXGroup;
			children = (
				3012ED811E97A8F50009027D /* Notifications.h */,
				3012ED821E97A8F50009027D /* Notifications_android.cpp */,
				3012ED831E97A8F50009027D /* Notifications_ios.mm */,
			);
			path = Mixpanel;
			sourceTree = "<group>";
		};
		3012ED861E97DB450009027D /* UI */ = {
			isa = PBXGroup;
			children = (
				3012ED8A1E97DCC00009027D /* ElectricDreamsDecoration.cpp */,
				3012ED8B1E97DCC00009027D /* ElectricDreamsDecoration.h */,
				3012ED8C1E97DCC00009027D /* ElectricDreamsTextStyles.cpp */,
				3012ED8D1E97DCC00009027D /* ElectricDreamsTextStyles.h */,
				3012ED8E1E97DCC00009027D /* OomeeButtonLayer.cpp */,
				3012ED8F1E97DCC00009027D /* OomeeButtonLayer.h */,
				3012ED871E97DB450009027D /* ModalMessages.cpp */,
				3012ED881E97DB450009027D /* ModalMessages.h */,
			);
			path = UI;
			sourceTree = "<group>";
		};
		3012ED961E97E6A40009027D /* ImageDownloader */ = {
			isa = PBXGroup;
			children = (
				3012ED971E97E6A40009027D /* ImageDownloader.cpp */,
				3012ED981E97E6A40009027D /* ImageDownloader.h */,
				3012ED991E97E6A40009027D /* ImageDownloaderCacheCleanerLogic.cpp */,
				3012ED9A1E97E6A40009027D /* ImageDownloaderCacheCleanerLogic.h */,
				3012ED9B1E97E6A40009027D /* ImageDownloaderLogic.cpp */,
				3012ED9C1E97E6A40009027D /* ImageDownloaderLogic.h */,
				3012ED9D1E97E6A40009027D /* ImageDownloaderOnScreenChecker.cpp */,
				3012ED9E1E97E6A40009027D /* ImageDownloaderOnScreenChecker.h */,
			);
			path = ImageDownloader;
			sourceTree = "<group>";
		};
		3012EDA31E97E8450009027D /* JWTSigner */ = {
			isa = PBXGroup;
			children = (
				3012EDA41E97E8450009027D /* HMACSHA256 */,
				3012EDAB1E97E8450009027D /* JWTTool.cpp */,
				3012EDAC1E97E8450009027D /* JWTTool.h */,
				3012EDAD1E97E8450009027D /* JWTToolForceParent.cpp */,
				3012EDAE1E97E8450009027D /* JWTToolForceParent.h */,
			);
			path = JWTSigner;
			sourceTree = "<group>";
		};
		3012EDA41E97E8450009027D /* HMACSHA256 */ = {
			isa = PBXGroup;
			children = (
				3012EDA51E97E8450009027D /* HMACSHA256.cpp */,
				3012EDA61E97E8450009027D /* HMACSHA256.h */,
				3012EDA81E97E8450009027D /* HMACSHA256_ios.mm */,
				3012EDA91E97E8450009027D /* HMACSHA256_android.cpp */,
			);
			path = HMACSHA256;
			sourceTree = "<group>";
		};
		3077F4381E8D5048006DA465 = {
			isa = PBXGroup;
			children = (
				3077F4581E8D5220006DA465 /* Classes */,
				30DD5ECC1E9658BC0084305B /* Frameworks */,
				3077F4421E8D5048006DA465 /* Products */,
			);
			sourceTree = "<group>";
		};
		3077F4421E8D5048006DA465 /* Products */ = {
			isa = PBXGroup;
			children = (
				3077F4411E8D5048006DA465 /* libAzoomeeCommon.a */,
			);
			name = Products;
			sourceTree = "<group>";
		};
		3077F4581E8D5220006DA465 /* Classes */ = {
			isa = PBXGroup;
			children = (
				3077F4591E8D5881006DA465 /* AzoomeeCommon */,
			);
			name = Classes;
			path = ../Classes;
			sourceTree = "<group>";
		};
		3077F4591E8D5881006DA465 /* AzoomeeCommon */ = {
			isa = PBXGroup;
			children = (
				3012ED641E96A3140009027D /* ErrorCodes.h */,
				3012ED691E96A3140009027D /* Strings.h */,
				30DD5EBD1E96571F0084305B /* Analytics */,
				3012ED451E969A180009027D /* Audio */,
				30DD5EBE1E96571F0084305B /* Crashlytics */,
				30DD5EDF1E96841D0084305B /* Data */,
				3012ED961E97E6A40009027D /* ImageDownloader */,
				3012ED651E96A3140009027D /* Input */,
				3012EDA31E97E8450009027D /* JWTSigner */,
				3012ED801E97A8F50009027D /* Mixpanel */,
				3012ED861E97DB450009027D /* UI */,
				3012ED6A1E96A3140009027D /* Utils */,
			);
			path = AzoomeeCommon;
			sourceTree = "<group>";
		};
		30DD5EBD1E96571F0084305B /* Analytics */ = {
			isa = PBXGroup;
			children = (
				30DD5ED31E965E060084305B /* AnalyticsSingleton.cpp */,
				30DD5ED41E965E060084305B /* AnalyticsSingleton.h */,
				30DD5ECF1E965E060084305B /* AnalyticsSingleton_android.cpp */,
				30DD5ED21E965E060084305B /* AnalyticsSingleton_ios.mm */,
			);
			path = Analytics;
			sourceTree = "<group>";
		};
		30DD5EBE1E96571F0084305B /* Crashlytics */ = {
			isa = PBXGroup;
			children = (
				30DD5EC41E96571F0084305B /* CrashlyticsConfig.h */,
				30DD5EBF1E96571F0084305B /* CrashlyticsConfig_android.cpp */,
				30DD5EC21E96571F0084305B /* CrashlyticsConfig_ios.mm */,
			);
			path = Crashlytics;
			sourceTree = "<group>";
		};
		30DD5ECC1E9658BC0084305B /* Frameworks */ = {
			isa = PBXGroup;
			children = (
				3012EC581E9691A90009027D /* libs */,
				30DD5EC81E9658B40084305B /* Crashlytics.framework */,
				30DD5EC91E9658B40084305B /* Fabric.framework */,
			);
			name = Frameworks;
			path = ../Classes;
			sourceTree = "<group>";
		};
		30DD5EDF1E96841D0084305B /* Data */ = {
			isa = PBXGroup;
			children = (
				3012ED5A1E969BF60009027D /* Child */,
				3012ED531E969BBB0009027D /* Parent */,
				3012ED491E969AE40009027D /* Cookie */,
				30DD5EEE1E96860C0084305B /* ConfigStorage.cpp */,
				30DD5EEF1E96860C0084305B /* ConfigStorage.h */,
			);
			path = Data;
			sourceTree = "<group>";
		};
/* End PBXGroup section */

/* Begin PBXNativeTarget section */
		3077F4401E8D5048006DA465 /* AzoomeeCommon */ = {
			isa = PBXNativeTarget;
			buildConfigurationList = 3077F44A1E8D5048006DA465 /* Build configuration list for PBXNativeTarget "AzoomeeCommon" */;
			buildPhases = (
				3077F43D1E8D5048006DA465 /* Sources */,
				3077F43E1E8D5048006DA465 /* Frameworks */,
				3077F4601E8D5DEE006DA465 /* Copy Header Files */,
				430550381EA665AF00BBAF8C /* Resources */,
			);
			buildRules = (
			);
			dependencies = (
			);
			name = AzoomeeCommon;
			productName = AzoomeeCommon;
			productReference = 3077F4411E8D5048006DA465 /* libAzoomeeCommon.a */;
			productType = "com.apple.product-type.library.static";
		};
/* End PBXNativeTarget section */

/* Begin PBXProject section */
		3077F4391E8D5048006DA465 /* Project object */ = {
			isa = PBXProject;
			attributes = {
				LastUpgradeCheck = 0830;
				TargetAttributes = {
					3077F4401E8D5048006DA465 = {
						CreatedOnToolsVersion = 8.3;
						DevelopmentTeam = Q986XSP3A8;
						ProvisioningStyle = Automatic;
					};
				};
			};
			buildConfigurationList = 3077F43C1E8D5048006DA465 /* Build configuration list for PBXProject "AzoomeeCommon" */;
			compatibilityVersion = "Xcode 3.2";
			developmentRegion = English;
			hasScannedForEncodings = 0;
			knownRegions = (
				en,
			);
			mainGroup = 3077F4381E8D5048006DA465;
			productRefGroup = 3077F4421E8D5048006DA465 /* Products */;
			projectDirPath = "";
			projectRoot = "";
			targets = (
				3077F4401E8D5048006DA465 /* AzoomeeCommon */,
			);
		};
/* End PBXProject section */

/* Begin PBXResourcesBuildPhase section */
		430550381EA665AF00BBAF8C /* Resources */ = {
			isa = PBXResourcesBuildPhase;
			buildActionMask = 2147483647;
			files = (
			);
			runOnlyForDeploymentPostprocessing = 0;
		};
/* End PBXResourcesBuildPhase section */

/* Begin PBXShellScriptBuildPhase section */
		3077F4601E8D5DEE006DA465 /* Copy Header Files */ = {
			isa = PBXShellScriptBuildPhase;
			buildActionMask = 2147483647;
			files = (
			);
			inputPaths = (
			);
			name = "Copy Header Files";
			outputPaths = (
			);
			runOnlyForDeploymentPostprocessing = 0;
			shellPath = /bin/sh;
			shellScript = "# Copy all header files from Classes directory\nHEADERS_SRC=\"${SRCROOT}/../Classes/${PRODUCT_NAME}\"\n# Copy header files into the built products directory\nHEADERS_DEST=\"${BUILT_PRODUCTS_DIR}/include/${PRODUCT_NAME}\"\n\n# Ensure the dest directory exists\nmkdir -p \"${HEADERS_DEST}\"\n# Copy\nrsync -q --include \"*.h\" --filter 'hide,! */' -avm \"${HEADERS_SRC}/\" \"${HEADERS_DEST}/\"\n";
			showEnvVarsInLog = 0;
		};
/* End PBXShellScriptBuildPhase section */

/* Begin PBXSourcesBuildPhase section */
		3077F43D1E8D5048006DA465 /* Sources */ = {
			isa = PBXSourcesBuildPhase;
			buildActionMask = 2147483647;
			files = (
				3012ED501E969AE40009027D /* CookieDataParser.cpp in Sources */,
				3012EDB21E97E8450009027D /* JWTTool.cpp in Sources */,
				3012ED611E969BF60009027D /* ChildDataParser.cpp in Sources */,
				30DD5ED61E965E060084305B /* AnalyticsSingleton_ios.mm in Sources */,
				3012ED591E969BBB0009027D /* ParentDataStorage.cpp in Sources */,
				3012ED9F1E97E6A40009027D /* ImageDownloader.cpp in Sources */,
				3012ED631E969BF60009027D /* ChildDataStorage.cpp in Sources */,
				3012ED911E97DCC00009027D /* ElectricDreamsTextStyles.cpp in Sources */,
				3012ED891E97DB450009027D /* ModalMessages.cpp in Sources */,
				30DD5EF01E96860C0084305B /* ConfigStorage.cpp in Sources */,
				30DD5ED71E965E060084305B /* AnalyticsSingleton.cpp in Sources */,
				3012ED921E97DCC00009027D /* OomeeButtonLayer.cpp in Sources */,
				3012ED621E969BF60009027D /* ChildDataProvider.cpp in Sources */,
				3012ED581E969BBB0009027D /* ParentDataProvider.cpp in Sources */,
				3012ED711E96A3140009027D /* StringMgr.cpp in Sources */,
				3012ED6F1E96A3140009027D /* TextInputChecker.cpp in Sources */,
				3012EDA01E97E6A40009027D /* ImageDownloaderCacheCleanerLogic.cpp in Sources */,
				3012ED701E96A3140009027D /* StringFunctions.cpp in Sources */,
				3012EDB01E97E8450009027D /* HMACSHA256_ios.mm in Sources */,
				3012ED521E969AE40009027D /* CookieDataStorage.cpp in Sources */,
				3012ED481E969A180009027D /* AudioMixer.cpp in Sources */,
				3012ED951E97E5260009027D /* TextInputLayer.cpp in Sources */,
				3012ED511E969AE40009027D /* CookieDataProvider.cpp in Sources */,
				3012EDB31E97E8450009027D /* JWTToolForceParent.cpp in Sources */,
				3012ED901E97DCC00009027D /* ElectricDreamsDecoration.cpp in Sources */,
				30DD5EC61E96571F0084305B /* CrashlyticsConfig_ios.mm in Sources */,
				3012EDA21E97E6A40009027D /* ImageDownloaderOnScreenChecker.cpp in Sources */,
				3012EDAF1E97E8450009027D /* HMACSHA256.cpp in Sources */,
				3012EDA11E97E6A40009027D /* ImageDownloaderLogic.cpp in Sources */,
				3012ED851E97A8F50009027D /* Notifications_ios.mm in Sources */,
			);
			runOnlyForDeploymentPostprocessing = 0;
		};
/* End PBXSourcesBuildPhase section */

/* Begin XCBuildConfiguration section */
		3077F4481E8D5048006DA465 /* Debug */ = {
			isa = XCBuildConfiguration;
			buildSettings = {
				ALWAYS_SEARCH_USER_PATHS = NO;
				CLANG_ANALYZER_NONNULL = YES;
				CLANG_ANALYZER_NUMBER_OBJECT_CONVERSION = YES_AGGRESSIVE;
				CLANG_CXX_LANGUAGE_STANDARD = "gnu++0x";
				CLANG_CXX_LIBRARY = "libc++";
				CLANG_ENABLE_MODULES = YES;
				CLANG_ENABLE_OBJC_ARC = YES;
				CLANG_WARN_BOOL_CONVERSION = YES;
				CLANG_WARN_CONSTANT_CONVERSION = YES;
				CLANG_WARN_DIRECT_OBJC_ISA_USAGE = YES_ERROR;
				CLANG_WARN_DOCUMENTATION_COMMENTS = YES;
				CLANG_WARN_EMPTY_BODY = YES;
				CLANG_WARN_ENUM_CONVERSION = YES;
				CLANG_WARN_INFINITE_RECURSION = YES;
				CLANG_WARN_INT_CONVERSION = YES;
				CLANG_WARN_OBJC_ROOT_CLASS = YES_ERROR;
				CLANG_WARN_SUSPICIOUS_MOVE = YES;
				CLANG_WARN_UNREACHABLE_CODE = YES;
				CLANG_WARN__DUPLICATE_METHOD_MATCH = YES;
				"CODE_SIGN_IDENTITY[sdk=iphoneos*]" = "iPhone Developer";
				COPY_PHASE_STRIP = NO;
				DEBUG_INFORMATION_FORMAT = dwarf;
				ENABLE_STRICT_OBJC_MSGSEND = YES;
				ENABLE_TESTABILITY = YES;
				GCC_C_LANGUAGE_STANDARD = gnu99;
				GCC_DYNAMIC_NO_PIC = NO;
				GCC_NO_COMMON_BLOCKS = YES;
				GCC_OPTIMIZATION_LEVEL = 0;
				GCC_PREPROCESSOR_DEFINITIONS = (
					"DEBUG=1",
					"$(inherited)",
				);
				GCC_WARN_64_TO_32_BIT_CONVERSION = YES;
				GCC_WARN_ABOUT_RETURN_TYPE = YES_ERROR;
				GCC_WARN_UNDECLARED_SELECTOR = YES;
				GCC_WARN_UNINITIALIZED_AUTOS = YES_AGGRESSIVE;
				GCC_WARN_UNUSED_FUNCTION = YES;
				GCC_WARN_UNUSED_VARIABLE = YES;
				IPHONEOS_DEPLOYMENT_TARGET = 10.3;
				MTL_ENABLE_DEBUG_INFO = YES;
				ONLY_ACTIVE_ARCH = YES;
				SDKROOT = iphoneos;
			};
			name = Debug;
		};
		3077F4491E8D5048006DA465 /* Release */ = {
			isa = XCBuildConfiguration;
			buildSettings = {
				ALWAYS_SEARCH_USER_PATHS = NO;
				CLANG_ANALYZER_NONNULL = YES;
				CLANG_ANALYZER_NUMBER_OBJECT_CONVERSION = YES_AGGRESSIVE;
				CLANG_CXX_LANGUAGE_STANDARD = "gnu++0x";
				CLANG_CXX_LIBRARY = "libc++";
				CLANG_ENABLE_MODULES = YES;
				CLANG_ENABLE_OBJC_ARC = YES;
				CLANG_WARN_BOOL_CONVERSION = YES;
				CLANG_WARN_CONSTANT_CONVERSION = YES;
				CLANG_WARN_DIRECT_OBJC_ISA_USAGE = YES_ERROR;
				CLANG_WARN_DOCUMENTATION_COMMENTS = YES;
				CLANG_WARN_EMPTY_BODY = YES;
				CLANG_WARN_ENUM_CONVERSION = YES;
				CLANG_WARN_INFINITE_RECURSION = YES;
				CLANG_WARN_INT_CONVERSION = YES;
				CLANG_WARN_OBJC_ROOT_CLASS = YES_ERROR;
				CLANG_WARN_SUSPICIOUS_MOVE = YES;
				CLANG_WARN_UNREACHABLE_CODE = YES;
				CLANG_WARN__DUPLICATE_METHOD_MATCH = YES;
				"CODE_SIGN_IDENTITY[sdk=iphoneos*]" = "iPhone Developer";
				COPY_PHASE_STRIP = NO;
				DEBUG_INFORMATION_FORMAT = "dwarf-with-dsym";
				ENABLE_NS_ASSERTIONS = NO;
				ENABLE_STRICT_OBJC_MSGSEND = YES;
				GCC_C_LANGUAGE_STANDARD = gnu99;
				GCC_NO_COMMON_BLOCKS = YES;
				GCC_WARN_64_TO_32_BIT_CONVERSION = YES;
				GCC_WARN_ABOUT_RETURN_TYPE = YES_ERROR;
				GCC_WARN_UNDECLARED_SELECTOR = YES;
				GCC_WARN_UNINITIALIZED_AUTOS = YES_AGGRESSIVE;
				GCC_WARN_UNUSED_FUNCTION = YES;
				GCC_WARN_UNUSED_VARIABLE = YES;
				IPHONEOS_DEPLOYMENT_TARGET = 10.3;
				MTL_ENABLE_DEBUG_INFO = NO;
				SDKROOT = iphoneos;
				VALIDATE_PRODUCT = YES;
			};
			name = Release;
		};
		3077F44B1E8D5048006DA465 /* Debug */ = {
			isa = XCBuildConfiguration;
			buildSettings = {
				DEVELOPMENT_TEAM = Q986XSP3A8;
				FRAMEWORK_SEARCH_PATHS = (
					"$(inherited)",
					"$(SRCROOT)",
					"$(SRCROOT)/../../proj.ios_mac/",
				);
				HEADER_SEARCH_PATHS = (
					"$(inherited)",
					"$(SRCROOT)/../../cocos2d",
					"$(SRCROOT)/../../cocos2d/cocos",
					"$(SRCROOT)/../../cocos2d/cocos/audio/include",
					"$(SRCROOT)/../../cocos2d/cocos/editor-support",
					"$(SRCROOT)/../../cocos2d/extensions",
					"$(SRCROOT)/../../cocos2d/external",
					"$(SRCROOT)/../../cocos2d/external/chipmunk/include/chipmunk",
					"$(SRCROOT)/libs",
				);
				OTHER_LDFLAGS = "-ObjC";
				PRODUCT_NAME = "$(TARGET_NAME)";
				SKIP_INSTALL = YES;
				USE_HEADERMAP = NO;
			};
			name = Debug;
		};
		3077F44C1E8D5048006DA465 /* Release */ = {
			isa = XCBuildConfiguration;
			buildSettings = {
				DEVELOPMENT_TEAM = Q986XSP3A8;
				FRAMEWORK_SEARCH_PATHS = (
					"$(inherited)",
					"$(SRCROOT)",
					"$(SRCROOT)/../../proj.ios_mac/",
				);
				HEADER_SEARCH_PATHS = (
					"$(inherited)",
					"$(SRCROOT)/../../cocos2d",
					"$(SRCROOT)/../../cocos2d/cocos",
					"$(SRCROOT)/../../cocos2d/cocos/audio/include",
					"$(SRCROOT)/../../cocos2d/cocos/editor-support",
					"$(SRCROOT)/../../cocos2d/extensions",
					"$(SRCROOT)/../../cocos2d/external",
					"$(SRCROOT)/../../cocos2d/external/chipmunk/include/chipmunk",
					"$(SRCROOT)/libs",
				);
				OTHER_LDFLAGS = "-ObjC";
				PRODUCT_NAME = "$(TARGET_NAME)";
				SKIP_INSTALL = YES;
				USE_HEADERMAP = NO;
			};
			name = Release;
		};
/* End XCBuildConfiguration section */

/* Begin XCConfigurationList section */
		3077F43C1E8D5048006DA465 /* Build configuration list for PBXProject "AzoomeeCommon" */ = {
			isa = XCConfigurationList;
			buildConfigurations = (
				3077F4481E8D5048006DA465 /* Debug */,
				3077F4491E8D5048006DA465 /* Release */,
			);
			defaultConfigurationIsVisible = 0;
			defaultConfigurationName = Release;
		};
		3077F44A1E8D5048006DA465 /* Build configuration list for PBXNativeTarget "AzoomeeCommon" */ = {
			isa = XCConfigurationList;
			buildConfigurations = (
				3077F44B1E8D5048006DA465 /* Debug */,
				3077F44C1E8D5048006DA465 /* Release */,
			);
			defaultConfigurationIsVisible = 0;
			defaultConfigurationName = Release;
		};
/* End XCConfigurationList section */
	};
	rootObject = 3077F4391E8D5048006DA465 /* Project object */;
}
