// !$*UTF8*$!
{
	archiveVersion = 1;
	classes = {
	};
	objectVersion = 46;
	objects = {

/* Begin PBXBuildFile section */
		1D60589F0D05DD5A006BFB54 /* Foundation.framework in Frameworks */ = {isa = PBXBuildFile; fileRef = 1D30AB110D05D00D00671497 /* Foundation.framework */; };
		1DF5F4E00D08C38300B7A737 /* UIKit.framework in Frameworks */ = {isa = PBXBuildFile; fileRef = 1DF5F4DF0D08C38300B7A737 /* UIKit.framework */; };
		288765A50DF7441C002DB57D /* CoreGraphics.framework in Frameworks */ = {isa = PBXBuildFile; fileRef = 288765A40DF7441C002DB57D /* CoreGraphics.framework */; };
		294D0D641D0D56D500F7F5D4 /* CoreText.framework in Frameworks */ = {isa = PBXBuildFile; fileRef = 294D0D631D0D56D500F7F5D4 /* CoreText.framework */; };
		3EACC98F19EE6D4300EB3C5E /* res in Resources */ = {isa = PBXBuildFile; fileRef = 3EACC98E19EE6D4300EB3C5E /* res */; };
		46880B7B19C43A67006E1F66 /* CloseNormal.png in Resources */ = {isa = PBXBuildFile; fileRef = 46880B7619C43A67006E1F66 /* CloseNormal.png */; };
		46880B7D19C43A67006E1F66 /* CloseSelected.png in Resources */ = {isa = PBXBuildFile; fileRef = 46880B7719C43A67006E1F66 /* CloseSelected.png */; };
		46880B8119C43A67006E1F66 /* HelloWorld.png in Resources */ = {isa = PBXBuildFile; fileRef = 46880B7A19C43A67006E1F66 /* HelloWorld.png */; };
		46880B8819C43A87006E1F66 /* AppDelegate.cpp in Sources */ = {isa = PBXBuildFile; fileRef = 46880B8419C43A87006E1F66 /* AppDelegate.cpp */; };
		503AE10017EB989F00D1A890 /* AppController.mm in Sources */ = {isa = PBXBuildFile; fileRef = 503AE0FB17EB989F00D1A890 /* AppController.mm */; };
		503AE10117EB989F00D1A890 /* main.m in Sources */ = {isa = PBXBuildFile; fileRef = 503AE0FC17EB989F00D1A890 /* main.m */; };
		503AE10217EB989F00D1A890 /* RootViewController.mm in Sources */ = {isa = PBXBuildFile; fileRef = 503AE0FF17EB989F00D1A890 /* RootViewController.mm */; };
		5087E77D17EB970100C73F5D /* Default-568h@2x.png in Resources */ = {isa = PBXBuildFile; fileRef = 5087E77217EB970100C73F5D /* Default-568h@2x.png */; };
		5087E77E17EB970100C73F5D /* Default.png in Resources */ = {isa = PBXBuildFile; fileRef = 5087E77317EB970100C73F5D /* Default.png */; };
		5087E77F17EB970100C73F5D /* Default@2x.png in Resources */ = {isa = PBXBuildFile; fileRef = 5087E77417EB970100C73F5D /* Default@2x.png */; };
		5087E78017EB970100C73F5D /* Icon-114.png in Resources */ = {isa = PBXBuildFile; fileRef = 5087E77517EB970100C73F5D /* Icon-114.png */; };
		5087E78117EB970100C73F5D /* Icon-120.png in Resources */ = {isa = PBXBuildFile; fileRef = 5087E77617EB970100C73F5D /* Icon-120.png */; };
		5087E78217EB970100C73F5D /* Icon-144.png in Resources */ = {isa = PBXBuildFile; fileRef = 5087E77717EB970100C73F5D /* Icon-144.png */; };
		5087E78317EB970100C73F5D /* Icon-152.png in Resources */ = {isa = PBXBuildFile; fileRef = 5087E77817EB970100C73F5D /* Icon-152.png */; };
		5087E78417EB970100C73F5D /* Icon-57.png in Resources */ = {isa = PBXBuildFile; fileRef = 5087E77917EB970100C73F5D /* Icon-57.png */; };
		5087E78517EB970100C73F5D /* Icon-72.png in Resources */ = {isa = PBXBuildFile; fileRef = 5087E77A17EB970100C73F5D /* Icon-72.png */; };
		5087E78617EB970100C73F5D /* Icon-76.png in Resources */ = {isa = PBXBuildFile; fileRef = 5087E77B17EB970100C73F5D /* Icon-76.png */; };
		50EF629617ECD46A001EB2F8 /* Icon-40.png in Resources */ = {isa = PBXBuildFile; fileRef = 50EF629217ECD46A001EB2F8 /* Icon-40.png */; };
		50EF629717ECD46A001EB2F8 /* Icon-58.png in Resources */ = {isa = PBXBuildFile; fileRef = 50EF629317ECD46A001EB2F8 /* Icon-58.png */; };
		50EF629817ECD46A001EB2F8 /* Icon-80.png in Resources */ = {isa = PBXBuildFile; fileRef = 50EF629417ECD46A001EB2F8 /* Icon-80.png */; };
		50EF629917ECD46A001EB2F8 /* Icon-100.png in Resources */ = {isa = PBXBuildFile; fileRef = 50EF629517ECD46A001EB2F8 /* Icon-100.png */; };
		50EF62A217ECD613001EB2F8 /* Icon-29.png in Resources */ = {isa = PBXBuildFile; fileRef = 50EF62A017ECD613001EB2F8 /* Icon-29.png */; };
		50EF62A317ECD613001EB2F8 /* Icon-50.png in Resources */ = {isa = PBXBuildFile; fileRef = 50EF62A117ECD613001EB2F8 /* Icon-50.png */; };
		521A8E6419F0C34300D177D7 /* Default-667h@2x.png in Resources */ = {isa = PBXBuildFile; fileRef = 521A8E6219F0C34300D177D7 /* Default-667h@2x.png */; };
		521A8E6519F0C34300D177D7 /* Default-736h@3x.png in Resources */ = {isa = PBXBuildFile; fileRef = 521A8E6319F0C34300D177D7 /* Default-736h@3x.png */; };
		521A8EA919F11F5000D177D7 /* fonts in Resources */ = {isa = PBXBuildFile; fileRef = 521A8EA819F11F5000D177D7 /* fonts */; };
		52B47A471A53D09C004E4C60 /* Security.framework in Frameworks */ = {isa = PBXBuildFile; fileRef = 52B47A461A53D09B004E4C60 /* Security.framework */; };
		9227577220C5532800C66BCD /* AdSupport.framework in Frameworks */ = {isa = PBXBuildFile; fileRef = 9227576C20C5532800C66BCD /* AdSupport.framework */; };
		9227577420C5537B00C66BCD /* LocalAuthentication.framework in Frameworks */ = {isa = PBXBuildFile; fileRef = 9227577320C5537B00C66BCD /* LocalAuthentication.framework */; };
		9227577820C5730200C66BCD /* OomeeColour.cpp in Sources */ = {isa = PBXBuildFile; fileRef = 9227577720C5730200C66BCD /* OomeeColour.cpp */; };
		9227577920C5730200C66BCD /* OomeeColour.cpp in Sources */ = {isa = PBXBuildFile; fileRef = 9227577720C5730200C66BCD /* OomeeColour.cpp */; };
		9227577B20C57B7800C66BCD /* OomeeAccessory.cpp in Sources */ = {isa = PBXBuildFile; fileRef = 9227577A20C57B7800C66BCD /* OomeeAccessory.cpp */; };
		9227577C20C57B7800C66BCD /* OomeeAccessory.cpp in Sources */ = {isa = PBXBuildFile; fileRef = 9227577A20C57B7800C66BCD /* OomeeAccessory.cpp */; };
		9227577F20C587EE00C66BCD /* OomeeBody.cpp in Sources */ = {isa = PBXBuildFile; fileRef = 9227577E20C587EE00C66BCD /* OomeeBody.cpp */; };
		9227578020C587EE00C66BCD /* OomeeBody.cpp in Sources */ = {isa = PBXBuildFile; fileRef = 9227577E20C587EE00C66BCD /* OomeeBody.cpp */; };
		924398A5205BE22500CEDC1D /* OomeeCarouselButton.cpp in Sources */ = {isa = PBXBuildFile; fileRef = 924398A4205BE22500CEDC1D /* OomeeCarouselButton.cpp */; };
		924398A6205BE22500CEDC1D /* OomeeCarouselButton.cpp in Sources */ = {isa = PBXBuildFile; fileRef = 924398A4205BE22500CEDC1D /* OomeeCarouselButton.cpp */; };
		9271D7362035BD8C00370120 /* libAzoomeeCommonProd.a in Frameworks */ = {isa = PBXBuildFile; fileRef = 9220EC7720333C4000BD7A90 /* libAzoomeeCommonProd.a */; };
		9271D7372035BD8C00370120 /* libcocos2d iOS.a in Frameworks */ = {isa = PBXBuildFile; fileRef = 9220ECC420333EA700BD7A90 /* libcocos2d iOS.a */; };
		9271D772203AE19200370120 /* OomeeItemButton.cpp in Sources */ = {isa = PBXBuildFile; fileRef = 9271D771203AE19200370120 /* OomeeItemButton.cpp */; };
		9271D774203AE3FA00370120 /* OomeeItemList.cpp in Sources */ = {isa = PBXBuildFile; fileRef = 9271D773203AE3FA00370120 /* OomeeItemList.cpp */; };
		9271D776203AFAEC00370120 /* ItemCategoryButton.cpp in Sources */ = {isa = PBXBuildFile; fileRef = 9271D775203AFAEC00370120 /* ItemCategoryButton.cpp */; };
		9271D778203AFEB700370120 /* ItemCategoryList.cpp in Sources */ = {isa = PBXBuildFile; fileRef = 9271D777203AFEB700370120 /* ItemCategoryList.cpp */; };
		9271D77A203B0ED400370120 /* OomeeFigure.cpp in Sources */ = {isa = PBXBuildFile; fileRef = 9271D779203B0ED400370120 /* OomeeFigure.cpp */; };
		9271D780203C51A000370120 /* DragAndDropController.cpp in Sources */ = {isa = PBXBuildFile; fileRef = 9271D77F203C51A000370120 /* DragAndDropController.cpp */; };
		9271D784203D8E9B00370120 /* OomeeMakerScene.cpp in Sources */ = {isa = PBXBuildFile; fileRef = 9271D783203D8E9B00370120 /* OomeeMakerScene.cpp */; };
		9271D787203DBE5C00370120 /* OomeeSelectScene.cpp in Sources */ = {isa = PBXBuildFile; fileRef = 9271D786203DBE5C00370120 /* OomeeSelectScene.cpp */; };
		9271D7B320404CCA00370120 /* AzoomeeOomeeMaker.cpp in Sources */ = {isa = PBXBuildFile; fileRef = 92BEEFD02034532E00B32059 /* AzoomeeOomeeMaker.cpp */; };
		9271D7B420404CCA00370120 /* OomeeMakerDataStorage.cpp in Sources */ = {isa = PBXBuildFile; fileRef = 92BEEFE520359CA600B32059 /* OomeeMakerDataStorage.cpp */; };
		9271D7B520404CCA00370120 /* OomeeMakerDataHandler.cpp in Sources */ = {isa = PBXBuildFile; fileRef = 92BEEFE720359D3F00B32059 /* OomeeMakerDataHandler.cpp */; };
		9271D7B620404CCA00370120 /* Oomee.cpp in Sources */ = {isa = PBXBuildFile; fileRef = 92BEEFDF20359C5500B32059 /* Oomee.cpp */; };
		9271D7B720404CCA00370120 /* ItemCategory.cpp in Sources */ = {isa = PBXBuildFile; fileRef = 92BEEFE120359C7800B32059 /* ItemCategory.cpp */; };
		9271D7B820404CCA00370120 /* OomeeItem.cpp in Sources */ = {isa = PBXBuildFile; fileRef = 92BEEFE320359C8B00B32059 /* OomeeItem.cpp */; };
		9271D7B920404CCA00370120 /* ItemCategoryButton.cpp in Sources */ = {isa = PBXBuildFile; fileRef = 9271D775203AFAEC00370120 /* ItemCategoryButton.cpp */; };
		9271D7BA20404CCA00370120 /* ItemCategoryList.cpp in Sources */ = {isa = PBXBuildFile; fileRef = 9271D777203AFEB700370120 /* ItemCategoryList.cpp */; };
		9271D7BB20404CCA00370120 /* OomeeItemButton.cpp in Sources */ = {isa = PBXBuildFile; fileRef = 9271D771203AE19200370120 /* OomeeItemButton.cpp */; };
		9271D7BC20404CCA00370120 /* OomeeItemList.cpp in Sources */ = {isa = PBXBuildFile; fileRef = 9271D773203AE3FA00370120 /* OomeeItemList.cpp */; };
		9271D7BD20404CCA00370120 /* OomeeFigure.cpp in Sources */ = {isa = PBXBuildFile; fileRef = 9271D779203B0ED400370120 /* OomeeFigure.cpp */; };
		9271D7BE20404CCA00370120 /* DragAndDropController.cpp in Sources */ = {isa = PBXBuildFile; fileRef = 9271D77F203C51A000370120 /* DragAndDropController.cpp */; };
		9271D7BF20404CCA00370120 /* OomeeMakerScene.cpp in Sources */ = {isa = PBXBuildFile; fileRef = 9271D783203D8E9B00370120 /* OomeeMakerScene.cpp */; };
		9271D7C020404CCA00370120 /* OomeeSelectScene.cpp in Sources */ = {isa = PBXBuildFile; fileRef = 9271D786203DBE5C00370120 /* OomeeSelectScene.cpp */; };
		9271D8092045A26800370120 /* OomeeCarousel.cpp in Sources */ = {isa = PBXBuildFile; fileRef = 9271D8082045A26800370120 /* OomeeCarousel.cpp */; };
		9271D80A2045AD6100370120 /* OomeeCarousel.cpp in Sources */ = {isa = PBXBuildFile; fileRef = 9271D8082045A26800370120 /* OomeeCarousel.cpp */; };
		9271D8112046B84700370120 /* AirshipConfig.plist in Resources */ = {isa = PBXBuildFile; fileRef = 9271D8102046B84700370120 /* AirshipConfig.plist */; };
		9271D8122046B86E00370120 /* AppsFlyerLib.framework in Frameworks */ = {isa = PBXBuildFile; fileRef = 9271D7D42044208E00370120 /* AppsFlyerLib.framework */; };
		9271D8152046B86F00370120 /* Crashlytics.framework in Frameworks */ = {isa = PBXBuildFile; fileRef = 9271D8132046B86E00370120 /* Crashlytics.framework */; };
		9271D8162046B86F00370120 /* Fabric.framework in Frameworks */ = {isa = PBXBuildFile; fileRef = 9271D8142046B86F00370120 /* Fabric.framework */; };
		9271D8192046B8FB00370120 /* libicucore.tbd in Frameworks */ = {isa = PBXBuildFile; fileRef = 9271D8182046B8FB00370120 /* libicucore.tbd */; };
		92BDD4D8223BCB0E00DA56F3 /* AssetData.cpp in Sources */ = {isa = PBXBuildFile; fileRef = 92BDD4D7223BCB0E00DA56F3 /* AssetData.cpp */; };
		92BDD4D9223BCB0E00DA56F3 /* AssetData.cpp in Sources */ = {isa = PBXBuildFile; fileRef = 92BDD4D7223BCB0E00DA56F3 /* AssetData.cpp */; };
		92BDD4E92242963900DA56F3 /* AirshipKit.framework in Frameworks */ = {isa = PBXBuildFile; fileRef = 92BDD4E72242963900DA56F3 /* AirshipKit.framework */; };
		92BDD4EA2242965700DA56F3 /* AirshipKit.framework in Frameworks */ = {isa = PBXBuildFile; fileRef = 92BDD4E72242963900DA56F3 /* AirshipKit.framework */; };
		92BEEFD12034532E00B32059 /* AzoomeeOomeeMaker.cpp in Sources */ = {isa = PBXBuildFile; fileRef = 92BEEFD02034532E00B32059 /* AzoomeeOomeeMaker.cpp */; };
		92BEEFE020359C5500B32059 /* Oomee.cpp in Sources */ = {isa = PBXBuildFile; fileRef = 92BEEFDF20359C5500B32059 /* Oomee.cpp */; };
		92BEEFE220359C7800B32059 /* ItemCategory.cpp in Sources */ = {isa = PBXBuildFile; fileRef = 92BEEFE120359C7800B32059 /* ItemCategory.cpp */; };
		92BEEFE420359C8B00B32059 /* OomeeItem.cpp in Sources */ = {isa = PBXBuildFile; fileRef = 92BEEFE320359C8B00B32059 /* OomeeItem.cpp */; };
		92BEEFE620359CA600B32059 /* OomeeMakerDataStorage.cpp in Sources */ = {isa = PBXBuildFile; fileRef = 92BEEFE520359CA600B32059 /* OomeeMakerDataStorage.cpp */; };
		92BEEFE820359D3F00B32059 /* OomeeMakerDataHandler.cpp in Sources */ = {isa = PBXBuildFile; fileRef = 92BEEFE720359D3F00B32059 /* OomeeMakerDataHandler.cpp */; };
		BF171245129291EC00B8313A /* OpenGLES.framework in Frameworks */ = {isa = PBXBuildFile; fileRef = BF170DB012928DE900B8313A /* OpenGLES.framework */; };
		BF1712471292920000B8313A /* libz.dylib in Frameworks */ = {isa = PBXBuildFile; fileRef = BF170DB412928DE900B8313A /* libz.dylib */; };
		BF1C47F01293687400B63C5D /* QuartzCore.framework in Frameworks */ = {isa = PBXBuildFile; fileRef = BF1C47EA1293683800B63C5D /* QuartzCore.framework */; };
		D44C620C132DFF330009C878 /* OpenAL.framework in Frameworks */ = {isa = PBXBuildFile; fileRef = D44C620B132DFF330009C878 /* OpenAL.framework */; };
		D44C620E132DFF430009C878 /* AVFoundation.framework in Frameworks */ = {isa = PBXBuildFile; fileRef = D44C620D132DFF430009C878 /* AVFoundation.framework */; };
		D44C6210132DFF4E0009C878 /* AudioToolbox.framework in Frameworks */ = {isa = PBXBuildFile; fileRef = D44C620F132DFF4E0009C878 /* AudioToolbox.framework */; };
		D6B0611B1803AB670077942B /* CoreMotion.framework in Frameworks */ = {isa = PBXBuildFile; fileRef = D6B0611A1803AB670077942B /* CoreMotion.framework */; };
		ED545A7C1B68A1F400C3958E /* libiconv.dylib in Frameworks */ = {isa = PBXBuildFile; fileRef = ED545A7B1B68A1F400C3958E /* libiconv.dylib */; };
/* End PBXBuildFile section */

/* Begin PBXContainerItemProxy section */
		9220EC7620333C4000BD7A90 /* PBXContainerItemProxy */ = {
			isa = PBXContainerItemProxy;
			containerPortal = 9220EC7220333C4000BD7A90 /* AzoomeeCommon.xcodeproj */;
			proxyType = 2;
			remoteGlobalIDString = 3077F4411E8D5048006DA465;
			remoteInfo = AzoomeeCommon;
		};
		9220EC9F20333D7E00BD7A90 /* PBXContainerItemProxy */ = {
			isa = PBXContainerItemProxy;
			containerPortal = 9220EC7220333C4000BD7A90 /* AzoomeeCommon.xcodeproj */;
			proxyType = 1;
			remoteGlobalIDString = 3077F4401E8D5048006DA465;
			remoteInfo = AzoomeeCommon;
		};
		9220ECB520333E8800BD7A90 /* PBXContainerItemProxy */ = {
			isa = PBXContainerItemProxy;
			containerPortal = 9220ECAF20333E8800BD7A90 /* cocos2d_libs.xcodeproj */;
			proxyType = 2;
			remoteGlobalIDString = 1551A33F158F2AB200E66CFE;
			remoteInfo = "libcocos2d Mac";
		};
		9220ECB720333E8800BD7A90 /* PBXContainerItemProxy */ = {
			isa = PBXContainerItemProxy;
			containerPortal = 9220ECAF20333E8800BD7A90 /* cocos2d_libs.xcodeproj */;
			proxyType = 2;
			remoteGlobalIDString = A07A4D641783777C0073F6A7;
			remoteInfo = "libcocos2d iOS";
		};
		9220ECB920333E8800BD7A90 /* PBXContainerItemProxy */ = {
			isa = PBXContainerItemProxy;
			containerPortal = 9220ECAF20333E8800BD7A90 /* cocos2d_libs.xcodeproj */;
			proxyType = 2;
			remoteGlobalIDString = 507B40FD1C31BDD30067B53E;
			remoteInfo = "libcocos2d tvOS";
		};
		9220ECC120333EA700BD7A90 /* PBXContainerItemProxy */ = {
			isa = PBXContainerItemProxy;
			containerPortal = 9220ECBB20333EA600BD7A90 /* cocos2d_libs.xcodeproj */;
			proxyType = 2;
			remoteGlobalIDString = 1551A33F158F2AB200E66CFE;
			remoteInfo = "libcocos2d Mac";
		};
		9220ECC320333EA700BD7A90 /* PBXContainerItemProxy */ = {
			isa = PBXContainerItemProxy;
			containerPortal = 9220ECBB20333EA600BD7A90 /* cocos2d_libs.xcodeproj */;
			proxyType = 2;
			remoteGlobalIDString = A07A4D641783777C0073F6A7;
			remoteInfo = "libcocos2d iOS";
		};
		9220ECC520333EA700BD7A90 /* PBXContainerItemProxy */ = {
			isa = PBXContainerItemProxy;
			containerPortal = 9220ECBB20333EA600BD7A90 /* cocos2d_libs.xcodeproj */;
			proxyType = 2;
			remoteGlobalIDString = 507B40FD1C31BDD30067B53E;
			remoteInfo = "libcocos2d tvOS";
		};
		9220ECC720333ED500BD7A90 /* PBXContainerItemProxy */ = {
			isa = PBXContainerItemProxy;
			containerPortal = 9220ECBB20333EA600BD7A90 /* cocos2d_libs.xcodeproj */;
			proxyType = 1;
			remoteGlobalIDString = A07A4C241783777C0073F6A7;
			remoteInfo = "libcocos2d iOS";
		};
		9271D7AF20404C9700370120 /* PBXContainerItemProxy */ = {
			isa = PBXContainerItemProxy;
			containerPortal = 9220EC7220333C4000BD7A90 /* AzoomeeCommon.xcodeproj */;
			proxyType = 1;
			remoteGlobalIDString = 3077F4401E8D5048006DA465;
			remoteInfo = AzoomeeCommon;
		};
		9271D7B120404C9D00370120 /* PBXContainerItemProxy */ = {
			isa = PBXContainerItemProxy;
			containerPortal = 9220ECBB20333EA600BD7A90 /* cocos2d_libs.xcodeproj */;
			proxyType = 1;
			remoteGlobalIDString = A07A4C241783777C0073F6A7;
			remoteInfo = "libcocos2d iOS";
		};
/* End PBXContainerItemProxy section */

/* Begin PBXFileReference section */
		1ACB3243164770DE00914215 /* libcurl.a */ = {isa = PBXFileReference; lastKnownFileType = archive.ar; name = libcurl.a; path = ../../cocos2dx/platform/third_party/ios/libraries/libcurl.a; sourceTree = "<group>"; };
		1D30AB110D05D00D00671497 /* Foundation.framework */ = {isa = PBXFileReference; lastKnownFileType = wrapper.framework; name = Foundation.framework; path = System/Library/Frameworks/Foundation.framework; sourceTree = SDKROOT; };
		1D6058910D05DD3D006BFB54 /* AzoomeeOomeeMaker-mobile.app */ = {isa = PBXFileReference; explicitFileType = wrapper.application; includeInIndex = 0; path = "AzoomeeOomeeMaker-mobile.app"; sourceTree = BUILT_PRODUCTS_DIR; };
		1DF5F4DF0D08C38300B7A737 /* UIKit.framework */ = {isa = PBXFileReference; lastKnownFileType = wrapper.framework; name = UIKit.framework; path = System/Library/Frameworks/UIKit.framework; sourceTree = SDKROOT; };
		288765A40DF7441C002DB57D /* CoreGraphics.framework */ = {isa = PBXFileReference; lastKnownFileType = wrapper.framework; name = CoreGraphics.framework; path = System/Library/Frameworks/CoreGraphics.framework; sourceTree = SDKROOT; };
		294D0D631D0D56D500F7F5D4 /* CoreText.framework */ = {isa = PBXFileReference; lastKnownFileType = wrapper.framework; name = CoreText.framework; path = Platforms/iPhoneOS.platform/Developer/SDKs/iPhoneOS9.3.sdk/System/Library/Frameworks/CoreText.framework; sourceTree = DEVELOPER_DIR; };
		3EACC98E19EE6D4300EB3C5E /* res */ = {isa = PBXFileReference; lastKnownFileType = folder; path = res; sourceTree = "<group>"; };
		46880B7619C43A67006E1F66 /* CloseNormal.png */ = {isa = PBXFileReference; lastKnownFileType = image.png; path = CloseNormal.png; sourceTree = "<group>"; };
		46880B7719C43A67006E1F66 /* CloseSelected.png */ = {isa = PBXFileReference; lastKnownFileType = image.png; path = CloseSelected.png; sourceTree = "<group>"; };
		46880B7A19C43A67006E1F66 /* HelloWorld.png */ = {isa = PBXFileReference; lastKnownFileType = image.png; path = HelloWorld.png; sourceTree = "<group>"; };
		46880B8419C43A87006E1F66 /* AppDelegate.cpp */ = {isa = PBXFileReference; fileEncoding = 4; lastKnownFileType = sourcecode.cpp.cpp; path = AppDelegate.cpp; sourceTree = "<group>"; };
		46880B8519C43A87006E1F66 /* AppDelegate.h */ = {isa = PBXFileReference; fileEncoding = 4; lastKnownFileType = sourcecode.c.h; path = AppDelegate.h; sourceTree = "<group>"; };
		503AE0F617EB97AB00D1A890 /* Icon.icns */ = {isa = PBXFileReference; lastKnownFileType = image.icns; path = Icon.icns; sourceTree = "<group>"; };
		503AE0F717EB97AB00D1A890 /* Info.plist */ = {isa = PBXFileReference; fileEncoding = 4; lastKnownFileType = text.plist.xml; path = Info.plist; sourceTree = "<group>"; };
		503AE0FA17EB989F00D1A890 /* AppController.h */ = {isa = PBXFileReference; fileEncoding = 4; lastKnownFileType = sourcecode.c.h; name = AppController.h; path = ios/AppController.h; sourceTree = SOURCE_ROOT; };
		503AE0FB17EB989F00D1A890 /* AppController.mm */ = {isa = PBXFileReference; fileEncoding = 4; lastKnownFileType = sourcecode.cpp.objcpp; name = AppController.mm; path = ios/AppController.mm; sourceTree = SOURCE_ROOT; };
		503AE0FC17EB989F00D1A890 /* main.m */ = {isa = PBXFileReference; fileEncoding = 4; lastKnownFileType = sourcecode.c.objc; name = main.m; path = ios/main.m; sourceTree = SOURCE_ROOT; };
		503AE0FD17EB989F00D1A890 /* Prefix.pch */ = {isa = PBXFileReference; fileEncoding = 4; lastKnownFileType = sourcecode.c.h; name = Prefix.pch; path = ios/Prefix.pch; sourceTree = SOURCE_ROOT; };
		503AE0FE17EB989F00D1A890 /* RootViewController.h */ = {isa = PBXFileReference; fileEncoding = 4; lastKnownFileType = sourcecode.c.h; name = RootViewController.h; path = ios/RootViewController.h; sourceTree = SOURCE_ROOT; };
		503AE0FF17EB989F00D1A890 /* RootViewController.mm */ = {isa = PBXFileReference; fileEncoding = 4; lastKnownFileType = sourcecode.cpp.objcpp; name = RootViewController.mm; path = ios/RootViewController.mm; sourceTree = SOURCE_ROOT; };
		503AE10317EB98FF00D1A890 /* main.cpp */ = {isa = PBXFileReference; fileEncoding = 4; lastKnownFileType = sourcecode.cpp.cpp; name = main.cpp; path = mac/main.cpp; sourceTree = "<group>"; };
		503AE10417EB98FF00D1A890 /* Prefix.pch */ = {isa = PBXFileReference; fileEncoding = 4; lastKnownFileType = sourcecode.c.h; name = Prefix.pch; path = mac/Prefix.pch; sourceTree = "<group>"; };
		503AE11117EB99EE00D1A890 /* libcurl.dylib */ = {isa = PBXFileReference; lastKnownFileType = "compiled.mach-o.dylib"; name = libcurl.dylib; path = usr/lib/libcurl.dylib; sourceTree = SDKROOT; };
		503AE11A17EB9C5A00D1A890 /* IOKit.framework */ = {isa = PBXFileReference; lastKnownFileType = wrapper.framework; name = IOKit.framework; path = System/Library/Frameworks/IOKit.framework; sourceTree = SDKROOT; };
		5087E77217EB970100C73F5D /* Default-568h@2x.png */ = {isa = PBXFileReference; lastKnownFileType = image.png; path = "Default-568h@2x.png"; sourceTree = "<group>"; };
		5087E77317EB970100C73F5D /* Default.png */ = {isa = PBXFileReference; lastKnownFileType = image.png; path = Default.png; sourceTree = "<group>"; };
		5087E77417EB970100C73F5D /* Default@2x.png */ = {isa = PBXFileReference; lastKnownFileType = image.png; path = "Default@2x.png"; sourceTree = "<group>"; };
		5087E77517EB970100C73F5D /* Icon-114.png */ = {isa = PBXFileReference; lastKnownFileType = image.png; path = "Icon-114.png"; sourceTree = "<group>"; };
		5087E77617EB970100C73F5D /* Icon-120.png */ = {isa = PBXFileReference; lastKnownFileType = image.png; path = "Icon-120.png"; sourceTree = "<group>"; };
		5087E77717EB970100C73F5D /* Icon-144.png */ = {isa = PBXFileReference; lastKnownFileType = image.png; path = "Icon-144.png"; sourceTree = "<group>"; };
		5087E77817EB970100C73F5D /* Icon-152.png */ = {isa = PBXFileReference; lastKnownFileType = image.png; path = "Icon-152.png"; sourceTree = "<group>"; };
		5087E77917EB970100C73F5D /* Icon-57.png */ = {isa = PBXFileReference; lastKnownFileType = image.png; path = "Icon-57.png"; sourceTree = "<group>"; };
		5087E77A17EB970100C73F5D /* Icon-72.png */ = {isa = PBXFileReference; lastKnownFileType = image.png; path = "Icon-72.png"; sourceTree = "<group>"; };
		5087E77B17EB970100C73F5D /* Icon-76.png */ = {isa = PBXFileReference; lastKnownFileType = image.png; path = "Icon-76.png"; sourceTree = "<group>"; };
		5087E77C17EB970100C73F5D /* Info.plist */ = {isa = PBXFileReference; fileEncoding = 4; lastKnownFileType = text.plist.xml; path = Info.plist; sourceTree = "<group>"; };
		5087E78817EB974C00C73F5D /* AppKit.framework */ = {isa = PBXFileReference; lastKnownFileType = wrapper.framework; name = AppKit.framework; path = System/Library/Frameworks/AppKit.framework; sourceTree = SDKROOT; };
		5087E78A17EB975400C73F5D /* OpenGL.framework */ = {isa = PBXFileReference; lastKnownFileType = wrapper.framework; name = OpenGL.framework; path = System/Library/Frameworks/OpenGL.framework; sourceTree = SDKROOT; };
		50EF629217ECD46A001EB2F8 /* Icon-40.png */ = {isa = PBXFileReference; lastKnownFileType = image.png; path = "Icon-40.png"; sourceTree = "<group>"; };
		50EF629317ECD46A001EB2F8 /* Icon-58.png */ = {isa = PBXFileReference; lastKnownFileType = image.png; path = "Icon-58.png"; sourceTree = "<group>"; };
		50EF629417ECD46A001EB2F8 /* Icon-80.png */ = {isa = PBXFileReference; lastKnownFileType = image.png; path = "Icon-80.png"; sourceTree = "<group>"; };
		50EF629517ECD46A001EB2F8 /* Icon-100.png */ = {isa = PBXFileReference; lastKnownFileType = image.png; path = "Icon-100.png"; sourceTree = "<group>"; };
		50EF62A017ECD613001EB2F8 /* Icon-29.png */ = {isa = PBXFileReference; lastKnownFileType = image.png; path = "Icon-29.png"; sourceTree = "<group>"; };
		50EF62A117ECD613001EB2F8 /* Icon-50.png */ = {isa = PBXFileReference; lastKnownFileType = image.png; path = "Icon-50.png"; sourceTree = "<group>"; };
		521A8E6219F0C34300D177D7 /* Default-667h@2x.png */ = {isa = PBXFileReference; lastKnownFileType = image.png; path = "Default-667h@2x.png"; sourceTree = "<group>"; };
		521A8E6319F0C34300D177D7 /* Default-736h@3x.png */ = {isa = PBXFileReference; lastKnownFileType = image.png; path = "Default-736h@3x.png"; sourceTree = "<group>"; };
		521A8EA819F11F5000D177D7 /* fonts */ = {isa = PBXFileReference; lastKnownFileType = folder; path = fonts; sourceTree = "<group>"; };
		52B47A461A53D09B004E4C60 /* Security.framework */ = {isa = PBXFileReference; lastKnownFileType = wrapper.framework; name = Security.framework; path = Platforms/iPhoneOS.platform/Developer/SDKs/iPhoneOS8.1.sdk/System/Library/Frameworks/Security.framework; sourceTree = DEVELOPER_DIR; };
		8262943D1AAF051F00CB7CF7 /* Security.framework */ = {isa = PBXFileReference; lastKnownFileType = wrapper.framework; name = Security.framework; path = System/Library/Frameworks/Security.framework; sourceTree = SDKROOT; };
		9220EC7220333C4000BD7A90 /* AzoomeeCommon.xcodeproj */ = {isa = PBXFileReference; lastKnownFileType = "wrapper.pb-project"; name = AzoomeeCommon.xcodeproj; path = ../common/proj.ios_mac/AzoomeeCommon.xcodeproj; sourceTree = "<group>"; };
		9220ECAF20333E8800BD7A90 /* cocos2d_libs.xcodeproj */ = {isa = PBXFileReference; lastKnownFileType = "wrapper.pb-project"; name = cocos2d_libs.xcodeproj; path = ../cocos2d/build/cocos2d_libs.xcodeproj; sourceTree = "<group>"; };
		9220ECBB20333EA600BD7A90 /* cocos2d_libs.xcodeproj */ = {isa = PBXFileReference; lastKnownFileType = "wrapper.pb-project"; name = cocos2d_libs.xcodeproj; path = ../cocos2d/build/cocos2d_libs.xcodeproj; sourceTree = "<group>"; };
		9227576C20C5532800C66BCD /* AdSupport.framework */ = {isa = PBXFileReference; lastKnownFileType = wrapper.framework; name = AdSupport.framework; path = Platforms/iPhoneOS.platform/Developer/SDKs/iPhoneOS11.3.sdk/System/Library/Frameworks/AdSupport.framework; sourceTree = DEVELOPER_DIR; };
		9227577320C5537B00C66BCD /* LocalAuthentication.framework */ = {isa = PBXFileReference; lastKnownFileType = wrapper.framework; name = LocalAuthentication.framework; path = Platforms/iPhoneOS.platform/Developer/SDKs/iPhoneOS11.3.sdk/System/Library/Frameworks/LocalAuthentication.framework; sourceTree = DEVELOPER_DIR; };
		9227577520C56DA400C66BCD /* OomeeAccessory.h */ = {isa = PBXFileReference; lastKnownFileType = sourcecode.c.h; path = OomeeAccessory.h; sourceTree = "<group>"; };
		9227577620C5717F00C66BCD /* OomeeColour.h */ = {isa = PBXFileReference; lastKnownFileType = sourcecode.c.h; path = OomeeColour.h; sourceTree = "<group>"; };
		9227577720C5730200C66BCD /* OomeeColour.cpp */ = {isa = PBXFileReference; lastKnownFileType = sourcecode.cpp.cpp; path = OomeeColour.cpp; sourceTree = "<group>"; };
		9227577A20C57B7800C66BCD /* OomeeAccessory.cpp */ = {isa = PBXFileReference; lastKnownFileType = sourcecode.cpp.cpp; path = OomeeAccessory.cpp; sourceTree = "<group>"; };
		9227577D20C585FE00C66BCD /* OomeeBody.h */ = {isa = PBXFileReference; lastKnownFileType = sourcecode.c.h; path = OomeeBody.h; sourceTree = "<group>"; };
		9227577E20C587EE00C66BCD /* OomeeBody.cpp */ = {isa = PBXFileReference; lastKnownFileType = sourcecode.cpp.cpp; path = OomeeBody.cpp; sourceTree = "<group>"; };
		9243989E205BE20800CEDC1D /* OomeeCarouselButton.h */ = {isa = PBXFileReference; lastKnownFileType = sourcecode.c.h; path = OomeeCarouselButton.h; sourceTree = "<group>"; };
		924398A4205BE22500CEDC1D /* OomeeCarouselButton.cpp */ = {isa = PBXFileReference; lastKnownFileType = sourcecode.cpp.cpp; path = OomeeCarouselButton.cpp; sourceTree = "<group>"; };
		9271D76C20372E0200370120 /* ItemCategoryButton.h */ = {isa = PBXFileReference; lastKnownFileType = sourcecode.c.h; path = ItemCategoryButton.h; sourceTree = "<group>"; };
		9271D76D20372E4500370120 /* ItemCategoryList.h */ = {isa = PBXFileReference; lastKnownFileType = sourcecode.c.h; path = ItemCategoryList.h; sourceTree = "<group>"; };
		9271D76E20372E8300370120 /* OomeeItemButton.h */ = {isa = PBXFileReference; lastKnownFileType = sourcecode.c.h; path = OomeeItemButton.h; sourceTree = "<group>"; };
		9271D76F20372EAA00370120 /* OomeeItemList.h */ = {isa = PBXFileReference; lastKnownFileType = sourcecode.c.h; path = OomeeItemList.h; sourceTree = "<group>"; };
		9271D7702037311F00370120 /* OomeeFigure.h */ = {isa = PBXFileReference; lastKnownFileType = sourcecode.c.h; path = OomeeFigure.h; sourceTree = "<group>"; };
		9271D771203AE19200370120 /* OomeeItemButton.cpp */ = {isa = PBXFileReference; lastKnownFileType = sourcecode.cpp.cpp; path = OomeeItemButton.cpp; sourceTree = "<group>"; };
		9271D773203AE3FA00370120 /* OomeeItemList.cpp */ = {isa = PBXFileReference; lastKnownFileType = sourcecode.cpp.cpp; path = OomeeItemList.cpp; sourceTree = "<group>"; };
		9271D775203AFAEC00370120 /* ItemCategoryButton.cpp */ = {isa = PBXFileReference; lastKnownFileType = sourcecode.cpp.cpp; path = ItemCategoryButton.cpp; sourceTree = "<group>"; };
		9271D777203AFEB700370120 /* ItemCategoryList.cpp */ = {isa = PBXFileReference; lastKnownFileType = sourcecode.cpp.cpp; path = ItemCategoryList.cpp; sourceTree = "<group>"; };
		9271D779203B0ED400370120 /* OomeeFigure.cpp */ = {isa = PBXFileReference; lastKnownFileType = sourcecode.cpp.cpp; path = OomeeFigure.cpp; sourceTree = "<group>"; };
		9271D77E203C4A0A00370120 /* DragAndDropController.h */ = {isa = PBXFileReference; lastKnownFileType = sourcecode.c.h; path = DragAndDropController.h; sourceTree = "<group>"; };
		9271D77F203C51A000370120 /* DragAndDropController.cpp */ = {isa = PBXFileReference; lastKnownFileType = sourcecode.cpp.cpp; path = DragAndDropController.cpp; sourceTree = "<group>"; };
		9271D781203D85A900370120 /* OomeeMakerScene.h */ = {isa = PBXFileReference; lastKnownFileType = sourcecode.c.h; path = OomeeMakerScene.h; sourceTree = "<group>"; };
		9271D782203D85BC00370120 /* OomeeSelectScene.h */ = {isa = PBXFileReference; lastKnownFileType = sourcecode.c.h; path = OomeeSelectScene.h; sourceTree = "<group>"; };
		9271D783203D8E9B00370120 /* OomeeMakerScene.cpp */ = {isa = PBXFileReference; lastKnownFileType = sourcecode.cpp.cpp; path = OomeeMakerScene.cpp; sourceTree = "<group>"; };
		9271D786203DBE5C00370120 /* OomeeSelectScene.cpp */ = {isa = PBXFileReference; lastKnownFileType = sourcecode.cpp.cpp; path = OomeeSelectScene.cpp; sourceTree = "<group>"; };
		9271D7A620404C6400370120 /* libAzoomeeOomeeMaker.a */ = {isa = PBXFileReference; explicitFileType = archive.ar; includeInIndex = 0; path = libAzoomeeOomeeMaker.a; sourceTree = BUILT_PRODUCTS_DIR; };
		9271D7D42044208E00370120 /* AppsFlyerLib.framework */ = {isa = PBXFileReference; lastKnownFileType = wrapper.framework; name = AppsFlyerLib.framework; path = ../../proj.ios_mac/AppsFlyerLib.framework; sourceTree = "<group>"; };
		9271D7D52044208F00370120 /* Fabric.framework */ = {isa = PBXFileReference; lastKnownFileType = wrapper.framework; path = Fabric.framework; sourceTree = "<group>"; };
		9271D7D62044209000370120 /* Crashlytics.framework */ = {isa = PBXFileReference; lastKnownFileType = wrapper.framework; path = Crashlytics.framework; sourceTree = "<group>"; };
		9271D7DA2044216200370120 /* WebKit.framework */ = {isa = PBXFileReference; lastKnownFileType = wrapper.framework; name = WebKit.framework; path = Platforms/iPhoneOS.platform/Developer/SDKs/iPhoneOS11.1.sdk/System/Library/Frameworks/WebKit.framework; sourceTree = DEVELOPER_DIR; };
		9271D7DC2044228200370120 /* AirshipKit.framework */ = {isa = PBXFileReference; lastKnownFileType = wrapper.framework; name = AirshipKit.framework; path = ../../common/proj.ios_mac/Carthage/Build/iOS/AirshipKit.framework; sourceTree = "<group>"; };
		9271D8022045910200370120 /* OomeeCarousel.h */ = {isa = PBXFileReference; lastKnownFileType = sourcecode.c.h; path = OomeeCarousel.h; sourceTree = "<group>"; };
		9271D8082045A26800370120 /* OomeeCarousel.cpp */ = {isa = PBXFileReference; lastKnownFileType = sourcecode.cpp.cpp; path = OomeeCarousel.cpp; sourceTree = "<group>"; };
		9271D80B2046B60100370120 /* AirshipConfig.plist */ = {isa = PBXFileReference; lastKnownFileType = text.plist.xml; name = AirshipConfig.plist; path = ../../proj.ios_mac/AirshipConfig.plist; sourceTree = "<group>"; };
		9271D80E2046B74800370120 /* AirshipKit.framework */ = {isa = PBXFileReference; lastKnownFileType = wrapper.framework; name = AirshipKit.framework; path = Carthage/Build/iOS/AirshipKit.framework; sourceTree = "<group>"; };
		9271D8102046B84700370120 /* AirshipConfig.plist */ = {isa = PBXFileReference; fileEncoding = 4; lastKnownFileType = text.plist.xml; path = AirshipConfig.plist; sourceTree = "<group>"; };
		9271D8132046B86E00370120 /* Crashlytics.framework */ = {isa = PBXFileReference; lastKnownFileType = wrapper.framework; name = Crashlytics.framework; path = ../../proj.ios_mac/Crashlytics.framework; sourceTree = "<group>"; };
		9271D8142046B86F00370120 /* Fabric.framework */ = {isa = PBXFileReference; lastKnownFileType = wrapper.framework; name = Fabric.framework; path = ../../proj.ios_mac/Fabric.framework; sourceTree = "<group>"; };
		9271D8182046B8FB00370120 /* libicucore.tbd */ = {isa = PBXFileReference; lastKnownFileType = "sourcecode.text-based-dylib-definition"; name = libicucore.tbd; path = Platforms/iPhoneOS.platform/Developer/SDKs/iPhoneOS11.1.sdk/usr/lib/libicucore.tbd; sourceTree = DEVELOPER_DIR; };
		92BDD4D1223BC2F100DA56F3 /* AssetData.h */ = {isa = PBXFileReference; lastKnownFileType = sourcecode.c.h; path = AssetData.h; sourceTree = "<group>"; };
		92BDD4D7223BCB0E00DA56F3 /* AssetData.cpp */ = {isa = PBXFileReference; lastKnownFileType = sourcecode.cpp.cpp; path = AssetData.cpp; sourceTree = "<group>"; };
		92BDD4E72242963900DA56F3 /* AirshipKit.framework */ = {isa = PBXFileReference; lastKnownFileType = wrapper.framework; name = AirshipKit.framework; path = ../../common/proj.ios_mac/Carthage/Build/iOS/AirshipKit.framework; sourceTree = "<group>"; };
		92BEEFC72034502F00B32059 /* OomeeMakerDataStorage.h */ = {isa = PBXFileReference; lastKnownFileType = sourcecode.c.h; path = OomeeMakerDataStorage.h; sourceTree = "<group>"; };
		92BEEFCF203450C200B32059 /* AzoomeeOomeeMaker.h */ = {isa = PBXFileReference; lastKnownFileType = sourcecode.c.h; path = AzoomeeOomeeMaker.h; sourceTree = "<group>"; };
		92BEEFD02034532E00B32059 /* AzoomeeOomeeMaker.cpp */ = {isa = PBXFileReference; lastKnownFileType = sourcecode.cpp.cpp; path = AzoomeeOomeeMaker.cpp; sourceTree = "<group>"; };
		92BEEFDB20347BA400B32059 /* Oomee.h */ = {isa = PBXFileReference; lastKnownFileType = sourcecode.c.h; path = Oomee.h; sourceTree = "<group>"; };
		92BEEFDC20347C0500B32059 /* ItemCategory.h */ = {isa = PBXFileReference; lastKnownFileType = sourcecode.c.h; path = ItemCategory.h; sourceTree = "<group>"; };
		92BEEFDD20347C3200B32059 /* OomeeItem.h */ = {isa = PBXFileReference; lastKnownFileType = sourcecode.c.h; path = OomeeItem.h; sourceTree = "<group>"; };
		92BEEFDE2035971C00B32059 /* OomeeMakerDataHandler.h */ = {isa = PBXFileReference; lastKnownFileType = sourcecode.c.h; path = OomeeMakerDataHandler.h; sourceTree = "<group>"; };
		92BEEFDF20359C5500B32059 /* Oomee.cpp */ = {isa = PBXFileReference; lastKnownFileType = sourcecode.cpp.cpp; path = Oomee.cpp; sourceTree = "<group>"; };
		92BEEFE120359C7800B32059 /* ItemCategory.cpp */ = {isa = PBXFileReference; lastKnownFileType = sourcecode.cpp.cpp; path = ItemCategory.cpp; sourceTree = "<group>"; };
		92BEEFE320359C8B00B32059 /* OomeeItem.cpp */ = {isa = PBXFileReference; lastKnownFileType = sourcecode.cpp.cpp; path = OomeeItem.cpp; sourceTree = "<group>"; };
		92BEEFE520359CA600B32059 /* OomeeMakerDataStorage.cpp */ = {isa = PBXFileReference; lastKnownFileType = sourcecode.cpp.cpp; path = OomeeMakerDataStorage.cpp; sourceTree = "<group>"; };
		92BEEFE720359D3F00B32059 /* OomeeMakerDataHandler.cpp */ = {isa = PBXFileReference; lastKnownFileType = sourcecode.cpp.cpp; path = OomeeMakerDataHandler.cpp; sourceTree = "<group>"; };
		BF170DB012928DE900B8313A /* OpenGLES.framework */ = {isa = PBXFileReference; lastKnownFileType = wrapper.framework; name = OpenGLES.framework; path = System/Library/Frameworks/OpenGLES.framework; sourceTree = SDKROOT; };
		BF170DB412928DE900B8313A /* libz.dylib */ = {isa = PBXFileReference; lastKnownFileType = "compiled.mach-o.dylib"; name = libz.dylib; path = usr/lib/libz.dylib; sourceTree = SDKROOT; };
		BF1C47EA1293683800B63C5D /* QuartzCore.framework */ = {isa = PBXFileReference; lastKnownFileType = wrapper.framework; name = QuartzCore.framework; path = System/Library/Frameworks/QuartzCore.framework; sourceTree = SDKROOT; };
		D44C620B132DFF330009C878 /* OpenAL.framework */ = {isa = PBXFileReference; lastKnownFileType = wrapper.framework; name = OpenAL.framework; path = System/Library/Frameworks/OpenAL.framework; sourceTree = SDKROOT; };
		D44C620D132DFF430009C878 /* AVFoundation.framework */ = {isa = PBXFileReference; lastKnownFileType = wrapper.framework; name = AVFoundation.framework; path = System/Library/Frameworks/AVFoundation.framework; sourceTree = SDKROOT; };
		D44C620F132DFF4E0009C878 /* AudioToolbox.framework */ = {isa = PBXFileReference; lastKnownFileType = wrapper.framework; name = AudioToolbox.framework; path = System/Library/Frameworks/AudioToolbox.framework; sourceTree = SDKROOT; };
		D6B0611A1803AB670077942B /* CoreMotion.framework */ = {isa = PBXFileReference; lastKnownFileType = wrapper.framework; name = CoreMotion.framework; path = Platforms/iPhoneOS.platform/Developer/SDKs/iPhoneOS7.0.sdk/System/Library/Frameworks/CoreMotion.framework; sourceTree = DEVELOPER_DIR; };
		ED545A7B1B68A1F400C3958E /* libiconv.dylib */ = {isa = PBXFileReference; lastKnownFileType = "compiled.mach-o.dylib"; name = libiconv.dylib; path = Platforms/iPhoneOS.platform/Developer/SDKs/iPhoneOS8.4.sdk/usr/lib/libiconv.dylib; sourceTree = DEVELOPER_DIR; };
		ED545A7D1B68A1FA00C3958E /* libiconv.dylib */ = {isa = PBXFileReference; lastKnownFileType = "compiled.mach-o.dylib"; name = libiconv.dylib; path = usr/lib/libiconv.dylib; sourceTree = SDKROOT; };
/* End PBXFileReference section */

/* Begin PBXFrameworksBuildPhase section */
		1D60588F0D05DD3D006BFB54 /* Frameworks */ = {
			isa = PBXFrameworksBuildPhase;
			buildActionMask = 2147483647;
			files = (
				9227577420C5537B00C66BCD /* LocalAuthentication.framework in Frameworks */,
				9227577220C5532800C66BCD /* AdSupport.framework in Frameworks */,
				9271D8152046B86F00370120 /* Crashlytics.framework in Frameworks */,
				9271D8162046B86F00370120 /* Fabric.framework in Frameworks */,
				9271D8122046B86E00370120 /* AppsFlyerLib.framework in Frameworks */,
				9271D7362035BD8C00370120 /* libAzoomeeCommonProd.a in Frameworks */,
				9271D7372035BD8C00370120 /* libcocos2d iOS.a in Frameworks */,
				294D0D641D0D56D500F7F5D4 /* CoreText.framework in Frameworks */,
				ED545A7C1B68A1F400C3958E /* libiconv.dylib in Frameworks */,
				52B47A471A53D09C004E4C60 /* Security.framework in Frameworks */,
				D6B0611B1803AB670077942B /* CoreMotion.framework in Frameworks */,
				1D60589F0D05DD5A006BFB54 /* Foundation.framework in Frameworks */,
				9271D8192046B8FB00370120 /* libicucore.tbd in Frameworks */,
				1DF5F4E00D08C38300B7A737 /* UIKit.framework in Frameworks */,
				288765A50DF7441C002DB57D /* CoreGraphics.framework in Frameworks */,
				BF171245129291EC00B8313A /* OpenGLES.framework in Frameworks */,
				BF1712471292920000B8313A /* libz.dylib in Frameworks */,
				BF1C47F01293687400B63C5D /* QuartzCore.framework in Frameworks */,
				D44C620C132DFF330009C878 /* OpenAL.framework in Frameworks */,
				D44C620E132DFF430009C878 /* AVFoundation.framework in Frameworks */,
				D44C6210132DFF4E0009C878 /* AudioToolbox.framework in Frameworks */,
				92BDD4EA2242965700DA56F3 /* AirshipKit.framework in Frameworks */,
			);
			runOnlyForDeploymentPostprocessing = 0;
		};
		9271D7A320404C6400370120 /* Frameworks */ = {
			isa = PBXFrameworksBuildPhase;
			buildActionMask = 2147483647;
			files = (
				92BDD4E92242963900DA56F3 /* AirshipKit.framework in Frameworks */,
			);
			runOnlyForDeploymentPostprocessing = 0;
		};
/* End PBXFrameworksBuildPhase section */

/* Begin PBXGroup section */
		080E96DDFE201D6D7F000001 /* ios */ = {
			isa = PBXGroup;
			children = (
				5087E77117EB970100C73F5D /* Icons */,
				503AE0FA17EB989F00D1A890 /* AppController.h */,
				503AE0FB17EB989F00D1A890 /* AppController.mm */,
				503AE0FC17EB989F00D1A890 /* main.m */,
				503AE0FD17EB989F00D1A890 /* Prefix.pch */,
				503AE0FE17EB989F00D1A890 /* RootViewController.h */,
				503AE0FF17EB989F00D1A890 /* RootViewController.mm */,
			);
			name = ios;
			path = Classes;
			sourceTree = "<group>";
		};
		19C28FACFE9D520D11CA2CBB /* Products */ = {
			isa = PBXGroup;
			children = (
				1D6058910D05DD3D006BFB54 /* AzoomeeOomeeMaker-mobile.app */,
				9271D7A620404C6400370120 /* libAzoomeeOomeeMaker.a */,
			);
			name = Products;
			sourceTree = "<group>";
		};
		29B97314FDCFA39411CA2CEA /* CustomTemplate */ = {
			isa = PBXGroup;
			children = (
				92BDD4E72242963900DA56F3 /* AirshipKit.framework */,
				9271D8102046B84700370120 /* AirshipConfig.plist */,
				9220ECBB20333EA600BD7A90 /* cocos2d_libs.xcodeproj */,
				46880B8319C43A87006E1F66 /* Classes */,
				46880B7519C43A67006E1F66 /* Resources */,
				9220EC7220333C4000BD7A90 /* AzoomeeCommon.xcodeproj */,
				29B97323FDCFA39411CA2CEA /* Frameworks */,
				080E96DDFE201D6D7F000001 /* ios */,
				503AE10617EB990700D1A890 /* mac */,
				19C28FACFE9D520D11CA2CBB /* Products */,
			);
			name = CustomTemplate;
			sourceTree = "<group>";
		};
		29B97323FDCFA39411CA2CEA /* Frameworks */ = {
			isa = PBXGroup;
			children = (
				9227577320C5537B00C66BCD /* LocalAuthentication.framework */,
				9227576C20C5532800C66BCD /* AdSupport.framework */,
				9271D8182046B8FB00370120 /* libicucore.tbd */,
				9271D8132046B86E00370120 /* Crashlytics.framework */,
				9271D8142046B86F00370120 /* Fabric.framework */,
				9271D80E2046B74800370120 /* AirshipKit.framework */,
				9271D80B2046B60100370120 /* AirshipConfig.plist */,
				9271D7DC2044228200370120 /* AirshipKit.framework */,
				9271D7DA2044216200370120 /* WebKit.framework */,
				9271D7D42044208E00370120 /* AppsFlyerLib.framework */,
				9271D7D62044209000370120 /* Crashlytics.framework */,
				9271D7D52044208F00370120 /* Fabric.framework */,
				294D0D631D0D56D500F7F5D4 /* CoreText.framework */,
				ED545A7D1B68A1FA00C3958E /* libiconv.dylib */,
				ED545A7B1B68A1F400C3958E /* libiconv.dylib */,
				8262943D1AAF051F00CB7CF7 /* Security.framework */,
				52B47A461A53D09B004E4C60 /* Security.framework */,
				D6B0611A1803AB670077942B /* CoreMotion.framework */,
				503AE11A17EB9C5A00D1A890 /* IOKit.framework */,
				503AE11117EB99EE00D1A890 /* libcurl.dylib */,
				5087E78A17EB975400C73F5D /* OpenGL.framework */,
				5087E78817EB974C00C73F5D /* AppKit.framework */,
				1ACB3243164770DE00914215 /* libcurl.a */,
				BF170DB412928DE900B8313A /* libz.dylib */,
				D44C620F132DFF4E0009C878 /* AudioToolbox.framework */,
				D44C620D132DFF430009C878 /* AVFoundation.framework */,
				288765A40DF7441C002DB57D /* CoreGraphics.framework */,
				1D30AB110D05D00D00671497 /* Foundation.framework */,
				D44C620B132DFF330009C878 /* OpenAL.framework */,
				BF170DB012928DE900B8313A /* OpenGLES.framework */,
				BF1C47EA1293683800B63C5D /* QuartzCore.framework */,
				1DF5F4DF0D08C38300B7A737 /* UIKit.framework */,
			);
			name = Frameworks;
			sourceTree = "<group>";
		};
		46880B7519C43A67006E1F66 /* Resources */ = {
			isa = PBXGroup;
			children = (
				9220ECAF20333E8800BD7A90 /* cocos2d_libs.xcodeproj */,
				521A8EA819F11F5000D177D7 /* fonts */,
				3EACC98E19EE6D4300EB3C5E /* res */,
				46880B7619C43A67006E1F66 /* CloseNormal.png */,
				46880B7719C43A67006E1F66 /* CloseSelected.png */,
				46880B7A19C43A67006E1F66 /* HelloWorld.png */,
			);
			name = Resources;
			path = ../Resources;
			sourceTree = "<group>";
		};
		46880B8319C43A87006E1F66 /* Classes */ = {
			isa = PBXGroup;
			children = (
				9271D79C2040492C00370120 /* AzoomeeOomeeMaker */,
				46880B8419C43A87006E1F66 /* AppDelegate.cpp */,
				46880B8519C43A87006E1F66 /* AppDelegate.h */,
			);
			name = Classes;
			path = ../Classes;
			sourceTree = "<group>";
		};
		503AE0F517EB97AB00D1A890 /* Icons */ = {
			isa = PBXGroup;
			children = (
				503AE0F617EB97AB00D1A890 /* Icon.icns */,
				503AE0F717EB97AB00D1A890 /* Info.plist */,
			);
			name = Icons;
			path = mac;
			sourceTree = SOURCE_ROOT;
		};
		503AE10617EB990700D1A890 /* mac */ = {
			isa = PBXGroup;
			children = (
				503AE0F517EB97AB00D1A890 /* Icons */,
				503AE10317EB98FF00D1A890 /* main.cpp */,
				503AE10417EB98FF00D1A890 /* Prefix.pch */,
			);
			name = mac;
			sourceTree = "<group>";
		};
		5087E77117EB970100C73F5D /* Icons */ = {
			isa = PBXGroup;
			children = (
				521A8E6219F0C34300D177D7 /* Default-667h@2x.png */,
				521A8E6319F0C34300D177D7 /* Default-736h@3x.png */,
				5087E77217EB970100C73F5D /* Default-568h@2x.png */,
				5087E77317EB970100C73F5D /* Default.png */,
				5087E77417EB970100C73F5D /* Default@2x.png */,
				50EF62A017ECD613001EB2F8 /* Icon-29.png */,
				50EF62A117ECD613001EB2F8 /* Icon-50.png */,
				50EF629217ECD46A001EB2F8 /* Icon-40.png */,
				50EF629317ECD46A001EB2F8 /* Icon-58.png */,
				50EF629417ECD46A001EB2F8 /* Icon-80.png */,
				50EF629517ECD46A001EB2F8 /* Icon-100.png */,
				5087E77517EB970100C73F5D /* Icon-114.png */,
				5087E77617EB970100C73F5D /* Icon-120.png */,
				5087E77717EB970100C73F5D /* Icon-144.png */,
				5087E77817EB970100C73F5D /* Icon-152.png */,
				5087E77917EB970100C73F5D /* Icon-57.png */,
				5087E77A17EB970100C73F5D /* Icon-72.png */,
				5087E77B17EB970100C73F5D /* Icon-76.png */,
				5087E77C17EB970100C73F5D /* Info.plist */,
			);
			name = Icons;
			path = ios;
			sourceTree = SOURCE_ROOT;
		};
		9220EC7320333C4000BD7A90 /* Products */ = {
			isa = PBXGroup;
			children = (
				9220EC7720333C4000BD7A90 /* libAzoomeeCommonProd.a */,
			);
			name = Products;
			sourceTree = "<group>";
		};
		9220ECB020333E8800BD7A90 /* Products */ = {
			isa = PBXGroup;
			children = (
				9220ECB620333E8800BD7A90 /* libcocos2d Mac.a */,
				9220ECB820333E8800BD7A90 /* libcocos2d iOS.a */,
				9220ECBA20333E8800BD7A90 /* libcocos2d tvOS.a */,
			);
			name = Products;
			sourceTree = "<group>";
		};
		9220ECBC20333EA600BD7A90 /* Products */ = {
			isa = PBXGroup;
			children = (
				9220ECC220333EA700BD7A90 /* libcocos2d Mac.a */,
				9220ECC420333EA700BD7A90 /* libcocos2d iOS.a */,
				9220ECC620333EA700BD7A90 /* libcocos2d tvOS.a */,
			);
			name = Products;
			sourceTree = "<group>";
		};
		9271D76620372D1500370120 /* UI */ = {
			isa = PBXGroup;
			children = (
				9271D76C20372E0200370120 /* ItemCategoryButton.h */,
				9271D775203AFAEC00370120 /* ItemCategoryButton.cpp */,
				9271D76D20372E4500370120 /* ItemCategoryList.h */,
				9271D777203AFEB700370120 /* ItemCategoryList.cpp */,
				9271D76E20372E8300370120 /* OomeeItemButton.h */,
				9271D771203AE19200370120 /* OomeeItemButton.cpp */,
				9271D76F20372EAA00370120 /* OomeeItemList.h */,
				9271D773203AE3FA00370120 /* OomeeItemList.cpp */,
				9271D7702037311F00370120 /* OomeeFigure.h */,
				9271D779203B0ED400370120 /* OomeeFigure.cpp */,
				9271D77E203C4A0A00370120 /* DragAndDropController.h */,
				9271D77F203C51A000370120 /* DragAndDropController.cpp */,
				9271D781203D85A900370120 /* OomeeMakerScene.h */,
				9271D783203D8E9B00370120 /* OomeeMakerScene.cpp */,
				9271D782203D85BC00370120 /* OomeeSelectScene.h */,
				9271D786203DBE5C00370120 /* OomeeSelectScene.cpp */,
				9271D8022045910200370120 /* OomeeCarousel.h */,
				9271D8082045A26800370120 /* OomeeCarousel.cpp */,
				9243989E205BE20800CEDC1D /* OomeeCarouselButton.h */,
				924398A4205BE22500CEDC1D /* OomeeCarouselButton.cpp */,
				9227577520C56DA400C66BCD /* OomeeAccessory.h */,
				9227577A20C57B7800C66BCD /* OomeeAccessory.cpp */,
				9227577D20C585FE00C66BCD /* OomeeBody.h */,
				9227577E20C587EE00C66BCD /* OomeeBody.cpp */,
			);
			path = UI;
			sourceTree = "<group>";
		};
		9271D79C2040492C00370120 /* AzoomeeOomeeMaker */ = {
			isa = PBXGroup;
			children = (
				92BEEFCF203450C200B32059 /* AzoomeeOomeeMaker.h */,
				92BEEFD02034532E00B32059 /* AzoomeeOomeeMaker.cpp */,
				92BEEFDA20347B6800B32059 /* DataObjects */,
				9271D76620372D1500370120 /* UI */,
			);
			path = AzoomeeOomeeMaker;
			sourceTree = "<group>";
		};
		92BEEFDA20347B6800B32059 /* DataObjects */ = {
			isa = PBXGroup;
			children = (
				92BEEFC72034502F00B32059 /* OomeeMakerDataStorage.h */,
				92BEEFE520359CA600B32059 /* OomeeMakerDataStorage.cpp */,
				92BEEFDE2035971C00B32059 /* OomeeMakerDataHandler.h */,
				92BEEFE720359D3F00B32059 /* OomeeMakerDataHandler.cpp */,
				92BEEFDB20347BA400B32059 /* Oomee.h */,
				92BEEFDF20359C5500B32059 /* Oomee.cpp */,
				92BEEFDC20347C0500B32059 /* ItemCategory.h */,
				92BEEFE120359C7800B32059 /* ItemCategory.cpp */,
				92BEEFDD20347C3200B32059 /* OomeeItem.h */,
				92BEEFE320359C8B00B32059 /* OomeeItem.cpp */,
				9227577620C5717F00C66BCD /* OomeeColour.h */,
				9227577720C5730200C66BCD /* OomeeColour.cpp */,
				92BDD4D1223BC2F100DA56F3 /* AssetData.h */,
				92BDD4D7223BCB0E00DA56F3 /* AssetData.cpp */,
			);
			path = DataObjects;
			sourceTree = "<group>";
		};
/* End PBXGroup section */

/* Begin PBXNativeTarget section */
		1D6058900D05DD3D006BFB54 /* AzoomeeOomeeMaker-mobile */ = {
			isa = PBXNativeTarget;
			buildConfigurationList = 1D6058960D05DD3E006BFB54 /* Build configuration list for PBXNativeTarget "AzoomeeOomeeMaker-mobile" */;
			buildPhases = (
				1D60588D0D05DD3D006BFB54 /* Resources */,
				1D60588E0D05DD3D006BFB54 /* Sources */,
				1D60588F0D05DD3D006BFB54 /* Frameworks */,
				92BDD4E3224293C000DA56F3 /* ShellScript */,
			);
			buildRules = (
			);
			dependencies = (
				9220ECC820333ED500BD7A90 /* PBXTargetDependency */,
				9220ECA020333D7E00BD7A90 /* PBXTargetDependency */,
			);
			name = "AzoomeeOomeeMaker-mobile";
			productName = iphone;
			productReference = 1D6058910D05DD3D006BFB54 /* AzoomeeOomeeMaker-mobile.app */;
			productType = "com.apple.product-type.application";
		};
		9271D7A520404C6400370120 /* AzoomeeOomeeMaker */ = {
			isa = PBXNativeTarget;
			buildConfigurationList = 9271D7AC20404C6400370120 /* Build configuration list for PBXNativeTarget "AzoomeeOomeeMaker" */;
			buildPhases = (
				9271D7A220404C6400370120 /* Sources */,
				9271D7A320404C6400370120 /* Frameworks */,
				9271D7C320404D8900370120 /* copy headers */,
			);
			buildRules = (
			);
			dependencies = (
				9271D7B220404C9D00370120 /* PBXTargetDependency */,
				9271D7B020404C9700370120 /* PBXTargetDependency */,
			);
			name = AzoomeeOomeeMaker;
			productName = libAzoomeeOomeeMaker;
			productReference = 9271D7A620404C6400370120 /* libAzoomeeOomeeMaker.a */;
			productType = "com.apple.product-type.library.static";
		};
/* End PBXNativeTarget section */

/* Begin PBXProject section */
		29B97313FDCFA39411CA2CEA /* Project object */ = {
			isa = PBXProject;
			attributes = {
				LastUpgradeCheck = 0500;
				TargetAttributes = {
					1D6058900D05DD3D006BFB54 = {
						DevelopmentTeam = Q986XSP3A8;
					};
					9271D7A520404C6400370120 = {
						CreatedOnToolsVersion = 9.1;
						DevelopmentTeam = Q986XSP3A8;
						ProvisioningStyle = Automatic;
					};
				};
			};
			buildConfigurationList = C01FCF4E08A954540054247B /* Build configuration list for PBXProject "AzoomeeOomeeMaker" */;
			compatibilityVersion = "Xcode 3.2";
			developmentRegion = English;
			hasScannedForEncodings = 1;
			knownRegions = (
				English,
				Japanese,
				French,
				German,
			);
			mainGroup = 29B97314FDCFA39411CA2CEA /* CustomTemplate */;
			projectDirPath = "";
			projectReferences = (
				{
					ProductGroup = 9220EC7320333C4000BD7A90 /* Products */;
					ProjectRef = 9220EC7220333C4000BD7A90 /* AzoomeeCommon.xcodeproj */;
				},
				{
					ProductGroup = 9220ECBC20333EA600BD7A90 /* Products */;
					ProjectRef = 9220ECBB20333EA600BD7A90 /* cocos2d_libs.xcodeproj */;
				},
				{
					ProductGroup = 9220ECB020333E8800BD7A90 /* Products */;
					ProjectRef = 9220ECAF20333E8800BD7A90 /* cocos2d_libs.xcodeproj */;
				},
			);
			projectRoot = "";
			targets = (
				1D6058900D05DD3D006BFB54 /* AzoomeeOomeeMaker-mobile */,
				9271D7A520404C6400370120 /* AzoomeeOomeeMaker */,
			);
		};
/* End PBXProject section */

/* Begin PBXReferenceProxy section */
		9220EC7720333C4000BD7A90 /* libAzoomeeCommonProd.a */ = {
			isa = PBXReferenceProxy;
			fileType = archive.ar;
			path = libAzoomeeCommonProd.a;
			remoteRef = 9220EC7620333C4000BD7A90 /* PBXContainerItemProxy */;
			sourceTree = BUILT_PRODUCTS_DIR;
		};
		9220ECB620333E8800BD7A90 /* libcocos2d Mac.a */ = {
			isa = PBXReferenceProxy;
			fileType = archive.ar;
			path = "libcocos2d Mac.a";
			remoteRef = 9220ECB520333E8800BD7A90 /* PBXContainerItemProxy */;
			sourceTree = BUILT_PRODUCTS_DIR;
		};
		9220ECB820333E8800BD7A90 /* libcocos2d iOS.a */ = {
			isa = PBXReferenceProxy;
			fileType = archive.ar;
			path = "libcocos2d iOS.a";
			remoteRef = 9220ECB720333E8800BD7A90 /* PBXContainerItemProxy */;
			sourceTree = BUILT_PRODUCTS_DIR;
		};
		9220ECBA20333E8800BD7A90 /* libcocos2d tvOS.a */ = {
			isa = PBXReferenceProxy;
			fileType = archive.ar;
			path = "libcocos2d tvOS.a";
			remoteRef = 9220ECB920333E8800BD7A90 /* PBXContainerItemProxy */;
			sourceTree = BUILT_PRODUCTS_DIR;
		};
		9220ECC220333EA700BD7A90 /* libcocos2d Mac.a */ = {
			isa = PBXReferenceProxy;
			fileType = archive.ar;
			path = "libcocos2d Mac.a";
			remoteRef = 9220ECC120333EA700BD7A90 /* PBXContainerItemProxy */;
			sourceTree = BUILT_PRODUCTS_DIR;
		};
		9220ECC420333EA700BD7A90 /* libcocos2d iOS.a */ = {
			isa = PBXReferenceProxy;
			fileType = archive.ar;
			path = "libcocos2d iOS.a";
			remoteRef = 9220ECC320333EA700BD7A90 /* PBXContainerItemProxy */;
			sourceTree = BUILT_PRODUCTS_DIR;
		};
		9220ECC620333EA700BD7A90 /* libcocos2d tvOS.a */ = {
			isa = PBXReferenceProxy;
			fileType = archive.ar;
			path = "libcocos2d tvOS.a";
			remoteRef = 9220ECC520333EA700BD7A90 /* PBXContainerItemProxy */;
			sourceTree = BUILT_PRODUCTS_DIR;
		};
/* End PBXReferenceProxy section */

/* Begin PBXResourcesBuildPhase section */
		1D60588D0D05DD3D006BFB54 /* Resources */ = {
			isa = PBXResourcesBuildPhase;
			buildActionMask = 2147483647;
			files = (
				5087E78117EB970100C73F5D /* Icon-120.png in Resources */,
				5087E78617EB970100C73F5D /* Icon-76.png in Resources */,
				5087E77F17EB970100C73F5D /* Default@2x.png in Resources */,
				9271D8112046B84700370120 /* AirshipConfig.plist in Resources */,
				50EF629917ECD46A001EB2F8 /* Icon-100.png in Resources */,
				5087E78317EB970100C73F5D /* Icon-152.png in Resources */,
				46880B8119C43A67006E1F66 /* HelloWorld.png in Resources */,
				46880B7D19C43A67006E1F66 /* CloseSelected.png in Resources */,
				5087E77D17EB970100C73F5D /* Default-568h@2x.png in Resources */,
				5087E78517EB970100C73F5D /* Icon-72.png in Resources */,
				521A8E6519F0C34300D177D7 /* Default-736h@3x.png in Resources */,
				521A8EA919F11F5000D177D7 /* fonts in Resources */,
				50EF62A317ECD613001EB2F8 /* Icon-50.png in Resources */,
				5087E78017EB970100C73F5D /* Icon-114.png in Resources */,
				50EF62A217ECD613001EB2F8 /* Icon-29.png in Resources */,
				50EF629617ECD46A001EB2F8 /* Icon-40.png in Resources */,
				5087E78217EB970100C73F5D /* Icon-144.png in Resources */,
				3EACC98F19EE6D4300EB3C5E /* res in Resources */,
				50EF629817ECD46A001EB2F8 /* Icon-80.png in Resources */,
				5087E78417EB970100C73F5D /* Icon-57.png in Resources */,
				5087E77E17EB970100C73F5D /* Default.png in Resources */,
				521A8E6419F0C34300D177D7 /* Default-667h@2x.png in Resources */,
				46880B7B19C43A67006E1F66 /* CloseNormal.png in Resources */,
				50EF629717ECD46A001EB2F8 /* Icon-58.png in Resources */,
			);
			runOnlyForDeploymentPostprocessing = 0;
		};
/* End PBXResourcesBuildPhase section */

/* Begin PBXShellScriptBuildPhase section */
		9271D7C320404D8900370120 /* copy headers */ = {
			isa = PBXShellScriptBuildPhase;
			buildActionMask = 2147483647;
			files = (
			);
			inputPaths = (
			);
			name = "copy headers";
			outputPaths = (
			);
			runOnlyForDeploymentPostprocessing = 0;
			shellPath = /bin/sh;
			shellScript = "# Copy all header files from Classes directory\nHEADERS_SRC=\"${SRCROOT}/../Classes/AzoomeeOomeeMaker\"\n# Copy header files into the built products directory\nHEADERS_DEST=\"${BUILT_PRODUCTS_DIR}/include/${PRODUCT_NAME}\"\n\n# Ensure the dest directory exists\nmkdir -p \"${HEADERS_DEST}\"\n\n# Use rsync to copy files\nrsync -q --include \"*.h\" --filter 'hide,! */' -avm \"${HEADERS_SRC}/\" \"${HEADERS_DEST}/\"\n";
			showEnvVarsInLog = 0;
		};
		92BDD4E3224293C000DA56F3 /* ShellScript */ = {
			isa = PBXShellScriptBuildPhase;
			buildActionMask = 2147483647;
			files = (
			);
			inputFileListPaths = (
			);
			inputPaths = (
				"$(SRCROOT)/Carthage/Build/iOS/AirshipKit.framework",
			);
			outputFileListPaths = (
			);
			outputPaths = (
			);
			runOnlyForDeploymentPostprocessing = 0;
			shellPath = /bin/sh;
			shellScript = "# Check carthage command exists\ncommand -v carthage >/dev/null 2>&1 || { echo >&2 \"Error! carthage not found! Tip - Install using: 'brew install carthage'\"; exit 1; }\n\ncarthage copy-frameworks\n";
		};
/* End PBXShellScriptBuildPhase section */

/* Begin PBXSourcesBuildPhase section */
		1D60588E0D05DD3D006BFB54 /* Sources */ = {
			isa = PBXSourcesBuildPhase;
			buildActionMask = 2147483647;
			files = (
				46880B8819C43A87006E1F66 /* AppDelegate.cpp in Sources */,
				92BEEFE020359C5500B32059 /* Oomee.cpp in Sources */,
				92BEEFD12034532E00B32059 /* AzoomeeOomeeMaker.cpp in Sources */,
				9227577820C5730200C66BCD /* OomeeColour.cpp in Sources */,
				9271D778203AFEB700370120 /* ItemCategoryList.cpp in Sources */,
				9271D774203AE3FA00370120 /* OomeeItemList.cpp in Sources */,
				9227577B20C57B7800C66BCD /* OomeeAccessory.cpp in Sources */,
				92BEEFE820359D3F00B32059 /* OomeeMakerDataHandler.cpp in Sources */,
				92BDD4D8223BCB0E00DA56F3 /* AssetData.cpp in Sources */,
				9271D77A203B0ED400370120 /* OomeeFigure.cpp in Sources */,
				924398A5205BE22500CEDC1D /* OomeeCarouselButton.cpp in Sources */,
				9271D784203D8E9B00370120 /* OomeeMakerScene.cpp in Sources */,
				9271D8092045A26800370120 /* OomeeCarousel.cpp in Sources */,
				503AE10017EB989F00D1A890 /* AppController.mm in Sources */,
				503AE10217EB989F00D1A890 /* RootViewController.mm in Sources */,
				92BEEFE620359CA600B32059 /* OomeeMakerDataStorage.cpp in Sources */,
				9271D780203C51A000370120 /* DragAndDropController.cpp in Sources */,
				9271D772203AE19200370120 /* OomeeItemButton.cpp in Sources */,
				92BEEFE220359C7800B32059 /* ItemCategory.cpp in Sources */,
				92BEEFE420359C8B00B32059 /* OomeeItem.cpp in Sources */,
				9271D776203AFAEC00370120 /* ItemCategoryButton.cpp in Sources */,
				9227577F20C587EE00C66BCD /* OomeeBody.cpp in Sources */,
				9271D787203DBE5C00370120 /* OomeeSelectScene.cpp in Sources */,
				503AE10117EB989F00D1A890 /* main.m in Sources */,
			);
			runOnlyForDeploymentPostprocessing = 0;
		};
		9271D7A220404C6400370120 /* Sources */ = {
			isa = PBXSourcesBuildPhase;
			buildActionMask = 2147483647;
			files = (
				9271D7B320404CCA00370120 /* AzoomeeOomeeMaker.cpp in Sources */,
				9271D7B420404CCA00370120 /* OomeeMakerDataStorage.cpp in Sources */,
				9271D7B520404CCA00370120 /* OomeeMakerDataHandler.cpp in Sources */,
				9271D7B620404CCA00370120 /* Oomee.cpp in Sources */,
				9271D7B720404CCA00370120 /* ItemCategory.cpp in Sources */,
				9227577920C5730200C66BCD /* OomeeColour.cpp in Sources */,
				9271D7B820404CCA00370120 /* OomeeItem.cpp in Sources */,
				9271D7B920404CCA00370120 /* ItemCategoryButton.cpp in Sources */,
				92BDD4D9223BCB0E00DA56F3 /* AssetData.cpp in Sources */,
				924398A6205BE22500CEDC1D /* OomeeCarouselButton.cpp in Sources */,
				9271D7BA20404CCA00370120 /* ItemCategoryList.cpp in Sources */,
				9227577C20C57B7800C66BCD /* OomeeAccessory.cpp in Sources */,
				9271D7BB20404CCA00370120 /* OomeeItemButton.cpp in Sources */,
				9271D7BC20404CCA00370120 /* OomeeItemList.cpp in Sources */,
				9271D7BD20404CCA00370120 /* OomeeFigure.cpp in Sources */,
				9227578020C587EE00C66BCD /* OomeeBody.cpp in Sources */,
				9271D7BE20404CCA00370120 /* DragAndDropController.cpp in Sources */,
				9271D80A2045AD6100370120 /* OomeeCarousel.cpp in Sources */,
				9271D7BF20404CCA00370120 /* OomeeMakerScene.cpp in Sources */,
				9271D7C020404CCA00370120 /* OomeeSelectScene.cpp in Sources */,
			);
			runOnlyForDeploymentPostprocessing = 0;
		};
/* End PBXSourcesBuildPhase section */

/* Begin PBXTargetDependency section */
		9220ECA020333D7E00BD7A90 /* PBXTargetDependency */ = {
			isa = PBXTargetDependency;
			name = AzoomeeCommon;
			targetProxy = 9220EC9F20333D7E00BD7A90 /* PBXContainerItemProxy */;
		};
		9220ECC820333ED500BD7A90 /* PBXTargetDependency */ = {
			isa = PBXTargetDependency;
			name = "libcocos2d iOS";
			targetProxy = 9220ECC720333ED500BD7A90 /* PBXContainerItemProxy */;
		};
		9271D7B020404C9700370120 /* PBXTargetDependency */ = {
			isa = PBXTargetDependency;
			name = AzoomeeCommon;
			targetProxy = 9271D7AF20404C9700370120 /* PBXContainerItemProxy */;
		};
		9271D7B220404C9D00370120 /* PBXTargetDependency */ = {
			isa = PBXTargetDependency;
			name = "libcocos2d iOS";
			targetProxy = 9271D7B120404C9D00370120 /* PBXContainerItemProxy */;
		};
/* End PBXTargetDependency section */

/* Begin XCBuildConfiguration section */
		1D6058940D05DD3E006BFB54 /* Debug */ = {
			isa = XCBuildConfiguration;
			buildSettings = {
				CODE_SIGN_IDENTITY = "iPhone Developer";
				COMPRESS_PNG_FILES = NO;
				DEVELOPMENT_TEAM = Q986XSP3A8;
				ENABLE_BITCODE = NO;
				FRAMEWORK_SEARCH_PATHS = (
					"$(inherited)",
					"$(PROJECT_DIR)",
					"$(PROJECT_DIR)/Carthage/Build/iOS",
				);
				GCC_DYNAMIC_NO_PIC = NO;
				GCC_INLINES_ARE_PRIVATE_EXTERN = NO;
				GCC_PRECOMPILE_PREFIX_HEADER = YES;
				GCC_PREFIX_HEADER = ios/Prefix.pch;
				GCC_PREPROCESSOR_DEFINITIONS = (
					USE_FILE32API,
					"COCOS2D_DEBUG=1",
					"CC_ENABLE_CHIPMUNK_INTEGRATION=1",
				);
				GCC_SYMBOLS_PRIVATE_EXTERN = NO;
				HEADER_SEARCH_PATHS = "$(inherited)";
				INFOPLIST_FILE = ios/Info.plist;
				IPHONEOS_DEPLOYMENT_TARGET = 8.0;
				LIBRARY_SEARCH_PATHS = "";
				OTHER_LDFLAGS = (
					"$(_COCOS_LIB_IOS_BEGIN)",
					"$(_COCOS_LIB_IOS_END)",
				);
				SDKROOT = iphoneos;
				STRIP_PNG_TEXT = NO;
				TARGETED_DEVICE_FAMILY = "1,2";
				USER_HEADER_SEARCH_PATHS = "$(_COCOS_HEADER_IOS_BEGIN) $(_COCOS_HEADER_IOS_END)";
				VALID_ARCHS = "arm64 armv7";
			};
			name = Debug;
		};
		1D6058950D05DD3E006BFB54 /* Release */ = {
			isa = XCBuildConfiguration;
			buildSettings = {
				CODE_SIGN_IDENTITY = "iPhone Developer";
				COMPRESS_PNG_FILES = NO;
				DEVELOPMENT_TEAM = Q986XSP3A8;
				ENABLE_BITCODE = NO;
				FRAMEWORK_SEARCH_PATHS = (
					"$(inherited)",
					"$(PROJECT_DIR)",
					"$(PROJECT_DIR)/Carthage/Build/iOS",
				);
				GCC_INLINES_ARE_PRIVATE_EXTERN = NO;
				GCC_PRECOMPILE_PREFIX_HEADER = YES;
				GCC_PREFIX_HEADER = ios/Prefix.pch;
				GCC_PREPROCESSOR_DEFINITIONS = (
					USE_FILE32API,
					"CC_ENABLE_CHIPMUNK_INTEGRATION=1",
					NDEBUG,
				);
				GCC_SYMBOLS_PRIVATE_EXTERN = NO;
				HEADER_SEARCH_PATHS = "$(inherited)";
				INFOPLIST_FILE = ios/Info.plist;
				IPHONEOS_DEPLOYMENT_TARGET = 8.0;
				LIBRARY_SEARCH_PATHS = "";
				OTHER_LDFLAGS = (
					"$(_COCOS_LIB_IOS_BEGIN)",
					"$(_COCOS_LIB_IOS_END)",
				);
				SDKROOT = iphoneos;
				STRIP_PNG_TEXT = NO;
				TARGETED_DEVICE_FAMILY = "1,2";
				USER_HEADER_SEARCH_PATHS = "$(_COCOS_HEADER_IOS_BEGIN) $(_COCOS_HEADER_IOS_END)";
				VALID_ARCHS = "arm64 armv7";
			};
			name = Release;
		};
		302A156522C3C358001EACB1 /* CI */ = {
			isa = XCBuildConfiguration;
			buildSettings = {
				CLANG_CXX_LANGUAGE_STANDARD = "c++0x";
				CLANG_CXX_LIBRARY = "libc++";
				GCC_WARN_ABOUT_RETURN_TYPE = YES;
				GCC_WARN_UNUSED_VARIABLE = YES;
				HEADER_SEARCH_PATHS = (
					"$(SRCROOT)/../cocos2d",
					"$(SRCROOT)/../cocos2d/cocos/audio/include",
					"$(SRCROOT)/../cocos2d/cocos",
					"$(SRCROOT)/../cocos2d/extensions",
					"$(SRCROOT)/../cocos2d/external",
					"$(SRCROOT)/../cocos2d/external/chipmunk/include/chipmunk",
				);
				IPHONEOS_DEPLOYMENT_TARGET = 6.0;
				MACOSX_DEPLOYMENT_TARGET = 10.7;
				OTHER_CFLAGS = "-DNS_BLOCK_ASSERTIONS=1";
				PRODUCT_NAME = "$(TARGET_NAME)";
				SDKROOT = macosx;
				VALIDATE_PRODUCT = YES;
			};
			name = CI;
		};
		302A156622C3C358001EACB1 /* CI */ = {
			isa = XCBuildConfiguration;
			buildSettings = {
				CODE_SIGN_IDENTITY = "iPhone Developer";
				COMPRESS_PNG_FILES = NO;
				DEVELOPMENT_TEAM = Q986XSP3A8;
				ENABLE_BITCODE = NO;
				FRAMEWORK_SEARCH_PATHS = (
					"$(inherited)",
					"$(PROJECT_DIR)",
					"$(PROJECT_DIR)/Carthage/Build/iOS",
				);
				GCC_INLINES_ARE_PRIVATE_EXTERN = NO;
				GCC_PRECOMPILE_PREFIX_HEADER = YES;
				GCC_PREFIX_HEADER = ios/Prefix.pch;
				GCC_PREPROCESSOR_DEFINITIONS = (
					USE_FILE32API,
					"CC_ENABLE_CHIPMUNK_INTEGRATION=1",
					NDEBUG,
				);
				GCC_SYMBOLS_PRIVATE_EXTERN = NO;
				HEADER_SEARCH_PATHS = "$(inherited)";
				INFOPLIST_FILE = ios/Info.plist;
				IPHONEOS_DEPLOYMENT_TARGET = 8.0;
				LIBRARY_SEARCH_PATHS = "";
				OTHER_LDFLAGS = (
					"$(_COCOS_LIB_IOS_BEGIN)",
					"$(_COCOS_LIB_IOS_END)",
				);
				SDKROOT = iphoneos;
				STRIP_PNG_TEXT = NO;
				TARGETED_DEVICE_FAMILY = "1,2";
				USER_HEADER_SEARCH_PATHS = "$(_COCOS_HEADER_IOS_BEGIN) $(_COCOS_HEADER_IOS_END)";
				VALID_ARCHS = "arm64 armv7";
			};
			name = CI;
		};
		302A156722C3C358001EACB1 /* CI */ = {
			isa = XCBuildConfiguration;
			buildSettings = {
				ALWAYS_SEARCH_USER_PATHS = NO;
				AZOOMEE_ENVIRONMENT = CI;
				CLANG_ANALYZER_NONNULL = YES;
				CLANG_ANALYZER_NUMBER_OBJECT_CONVERSION = YES_AGGRESSIVE;
				CLANG_CXX_LANGUAGE_STANDARD = "gnu++14";
				CLANG_ENABLE_MODULES = YES;
				CLANG_ENABLE_OBJC_ARC = YES;
				CLANG_WARN_BLOCK_CAPTURE_AUTORELEASING = YES;
				CLANG_WARN_BOOL_CONVERSION = YES;
				CLANG_WARN_COMMA = YES;
				CLANG_WARN_CONSTANT_CONVERSION = YES;
				CLANG_WARN_DIRECT_OBJC_ISA_USAGE = YES_ERROR;
				CLANG_WARN_DOCUMENTATION_COMMENTS = YES;
				CLANG_WARN_EMPTY_BODY = YES;
				CLANG_WARN_ENUM_CONVERSION = YES;
				CLANG_WARN_INFINITE_RECURSION = YES;
				CLANG_WARN_INT_CONVERSION = YES;
				CLANG_WARN_NON_LITERAL_NULL_CONVERSION = YES;
				CLANG_WARN_OBJC_LITERAL_CONVERSION = YES;
				CLANG_WARN_OBJC_ROOT_CLASS = YES_ERROR;
				CLANG_WARN_RANGE_LOOP_ANALYSIS = YES;
				CLANG_WARN_STRICT_PROTOTYPES = YES;
				CLANG_WARN_SUSPICIOUS_MOVE = YES;
				CLANG_WARN_UNGUARDED_AVAILABILITY = YES_AGGRESSIVE;
				CLANG_WARN_UNREACHABLE_CODE = YES;
				CLANG_WARN__DUPLICATE_METHOD_MATCH = YES;
				CODE_SIGN_IDENTITY = "iPhone Developer";
				CODE_SIGN_STYLE = Automatic;
				COPY_PHASE_STRIP = NO;
				DEBUG_INFORMATION_FORMAT = "dwarf-with-dsym";
				DEVELOPMENT_TEAM = Q986XSP3A8;
				ENABLE_NS_ASSERTIONS = NO;
				ENABLE_STRICT_OBJC_MSGSEND = YES;
				GCC_C_LANGUAGE_STANDARD = gnu11;
				GCC_NO_COMMON_BLOCKS = YES;
				GCC_PREPROCESSOR_DEFINITIONS = (
					NDEBUG,
					"AZOOMEE_ENVIRONMENT_${AZOOMEE_ENVIRONMENT}",
				);
				GCC_WARN_64_TO_32_BIT_CONVERSION = YES;
				GCC_WARN_ABOUT_RETURN_TYPE = YES_ERROR;
				GCC_WARN_UNDECLARED_SELECTOR = YES;
				GCC_WARN_UNINITIALIZED_AUTOS = YES_AGGRESSIVE;
				GCC_WARN_UNUSED_FUNCTION = YES;
				IPHONEOS_DEPLOYMENT_TARGET = 8.0;
				MTL_ENABLE_DEBUG_INFO = NO;
				OTHER_LDFLAGS = "-ObjC";
				PRODUCT_NAME = "$(TARGET_NAME)";
				SDKROOT = iphoneos;
				SKIP_INSTALL = YES;
				TARGETED_DEVICE_FAMILY = 1;
			};
			name = CI;
		};
		302A156D22C3C35B001EACB1 /* Test */ = {
			isa = XCBuildConfiguration;
			buildSettings = {
				CLANG_CXX_LANGUAGE_STANDARD = "c++0x";
				CLANG_CXX_LIBRARY = "libc++";
				GCC_WARN_ABOUT_RETURN_TYPE = YES;
				GCC_WARN_UNUSED_VARIABLE = YES;
				HEADER_SEARCH_PATHS = (
					"$(SRCROOT)/../cocos2d",
					"$(SRCROOT)/../cocos2d/cocos/audio/include",
					"$(SRCROOT)/../cocos2d/cocos",
					"$(SRCROOT)/../cocos2d/extensions",
					"$(SRCROOT)/../cocos2d/external",
					"$(SRCROOT)/../cocos2d/external/chipmunk/include/chipmunk",
				);
				IPHONEOS_DEPLOYMENT_TARGET = 6.0;
				MACOSX_DEPLOYMENT_TARGET = 10.7;
				OTHER_CFLAGS = "-DNS_BLOCK_ASSERTIONS=1";
				PRODUCT_NAME = "$(TARGET_NAME)";
				SDKROOT = macosx;
				VALIDATE_PRODUCT = YES;
			};
			name = Test;
		};
		302A156E22C3C35B001EACB1 /* Test */ = {
			isa = XCBuildConfiguration;
			buildSettings = {
				CODE_SIGN_IDENTITY = "iPhone Developer";
				COMPRESS_PNG_FILES = NO;
				DEVELOPMENT_TEAM = Q986XSP3A8;
				ENABLE_BITCODE = NO;
				FRAMEWORK_SEARCH_PATHS = (
					"$(inherited)",
					"$(PROJECT_DIR)",
					"$(PROJECT_DIR)/Carthage/Build/iOS",
				);
				GCC_INLINES_ARE_PRIVATE_EXTERN = NO;
				GCC_PRECOMPILE_PREFIX_HEADER = YES;
				GCC_PREFIX_HEADER = ios/Prefix.pch;
				GCC_PREPROCESSOR_DEFINITIONS = (
					USE_FILE32API,
					"CC_ENABLE_CHIPMUNK_INTEGRATION=1",
					NDEBUG,
				);
				GCC_SYMBOLS_PRIVATE_EXTERN = NO;
				HEADER_SEARCH_PATHS = "$(inherited)";
				INFOPLIST_FILE = ios/Info.plist;
				IPHONEOS_DEPLOYMENT_TARGET = 8.0;
				LIBRARY_SEARCH_PATHS = "";
				OTHER_LDFLAGS = (
					"$(_COCOS_LIB_IOS_BEGIN)",
					"$(_COCOS_LIB_IOS_END)",
				);
				SDKROOT = iphoneos;
				STRIP_PNG_TEXT = NO;
				TARGETED_DEVICE_FAMILY = "1,2";
				USER_HEADER_SEARCH_PATHS = "$(_COCOS_HEADER_IOS_BEGIN) $(_COCOS_HEADER_IOS_END)";
				VALID_ARCHS = "arm64 armv7";
			};
			name = Test;
		};
		302A156F22C3C35B001EACB1 /* Test */ = {
			isa = XCBuildConfiguration;
			buildSettings = {
				ALWAYS_SEARCH_USER_PATHS = NO;
				AZOOMEE_ENVIRONMENT = TEST;
				CLANG_ANALYZER_NONNULL = YES;
				CLANG_ANALYZER_NUMBER_OBJECT_CONVERSION = YES_AGGRESSIVE;
				CLANG_CXX_LANGUAGE_STANDARD = "gnu++14";
				CLANG_ENABLE_MODULES = YES;
				CLANG_ENABLE_OBJC_ARC = YES;
				CLANG_WARN_BLOCK_CAPTURE_AUTORELEASING = YES;
				CLANG_WARN_BOOL_CONVERSION = YES;
				CLANG_WARN_COMMA = YES;
				CLANG_WARN_CONSTANT_CONVERSION = YES;
				CLANG_WARN_DIRECT_OBJC_ISA_USAGE = YES_ERROR;
				CLANG_WARN_DOCUMENTATION_COMMENTS = YES;
				CLANG_WARN_EMPTY_BODY = YES;
				CLANG_WARN_ENUM_CONVERSION = YES;
				CLANG_WARN_INFINITE_RECURSION = YES;
				CLANG_WARN_INT_CONVERSION = YES;
				CLANG_WARN_NON_LITERAL_NULL_CONVERSION = YES;
				CLANG_WARN_OBJC_LITERAL_CONVERSION = YES;
				CLANG_WARN_OBJC_ROOT_CLASS = YES_ERROR;
				CLANG_WARN_RANGE_LOOP_ANALYSIS = YES;
				CLANG_WARN_STRICT_PROTOTYPES = YES;
				CLANG_WARN_SUSPICIOUS_MOVE = YES;
				CLANG_WARN_UNGUARDED_AVAILABILITY = YES_AGGRESSIVE;
				CLANG_WARN_UNREACHABLE_CODE = YES;
				CLANG_WARN__DUPLICATE_METHOD_MATCH = YES;
				CODE_SIGN_IDENTITY = "iPhone Developer";
				CODE_SIGN_STYLE = Automatic;
				COPY_PHASE_STRIP = NO;
				DEBUG_INFORMATION_FORMAT = "dwarf-with-dsym";
				DEVELOPMENT_TEAM = Q986XSP3A8;
				ENABLE_NS_ASSERTIONS = NO;
				ENABLE_STRICT_OBJC_MSGSEND = YES;
				GCC_C_LANGUAGE_STANDARD = gnu11;
				GCC_NO_COMMON_BLOCKS = YES;
				GCC_PREPROCESSOR_DEFINITIONS = (
					NDEBUG,
					"AZOOMEE_ENVIRONMENT_${AZOOMEE_ENVIRONMENT}",
				);
				GCC_WARN_64_TO_32_BIT_CONVERSION = YES;
				GCC_WARN_ABOUT_RETURN_TYPE = YES_ERROR;
				GCC_WARN_UNDECLARED_SELECTOR = YES;
				GCC_WARN_UNINITIALIZED_AUTOS = YES_AGGRESSIVE;
				GCC_WARN_UNUSED_FUNCTION = YES;
				IPHONEOS_DEPLOYMENT_TARGET = 8.0;
				MTL_ENABLE_DEBUG_INFO = NO;
				OTHER_LDFLAGS = "-ObjC";
				PRODUCT_NAME = "$(TARGET_NAME)";
				SDKROOT = iphoneos;
				SKIP_INSTALL = YES;
				TARGETED_DEVICE_FAMILY = 1;
			};
			name = Test;
		};
		9271D7AD20404C6400370120 /* Debug */ = {
			isa = XCBuildConfiguration;
			buildSettings = {
				ALWAYS_SEARCH_USER_PATHS = NO;
				AZOOMEE_ENVIRONMENT = PROD;
				CLANG_ANALYZER_NONNULL = YES;
				CLANG_ANALYZER_NUMBER_OBJECT_CONVERSION = YES_AGGRESSIVE;
				CLANG_CXX_LANGUAGE_STANDARD = "gnu++14";
				CLANG_ENABLE_MODULES = YES;
				CLANG_ENABLE_OBJC_ARC = YES;
				CLANG_WARN_BLOCK_CAPTURE_AUTORELEASING = YES;
				CLANG_WARN_BOOL_CONVERSION = YES;
				CLANG_WARN_COMMA = YES;
				CLANG_WARN_CONSTANT_CONVERSION = YES;
				CLANG_WARN_DIRECT_OBJC_ISA_USAGE = YES_ERROR;
				CLANG_WARN_DOCUMENTATION_COMMENTS = YES;
				CLANG_WARN_EMPTY_BODY = YES;
				CLANG_WARN_ENUM_CONVERSION = YES;
				CLANG_WARN_INFINITE_RECURSION = YES;
				CLANG_WARN_INT_CONVERSION = YES;
				CLANG_WARN_NON_LITERAL_NULL_CONVERSION = YES;
				CLANG_WARN_OBJC_LITERAL_CONVERSION = YES;
				CLANG_WARN_OBJC_ROOT_CLASS = YES_ERROR;
				CLANG_WARN_RANGE_LOOP_ANALYSIS = YES;
				CLANG_WARN_STRICT_PROTOTYPES = YES;
				CLANG_WARN_SUSPICIOUS_MOVE = YES;
				CLANG_WARN_UNGUARDED_AVAILABILITY = YES_AGGRESSIVE;
				CLANG_WARN_UNREACHABLE_CODE = YES;
				CLANG_WARN__DUPLICATE_METHOD_MATCH = YES;
				CODE_SIGN_IDENTITY = "iPhone Developer";
				CODE_SIGN_STYLE = Automatic;
				DEBUG_INFORMATION_FORMAT = dwarf;
				DEVELOPMENT_TEAM = Q986XSP3A8;
				ENABLE_STRICT_OBJC_MSGSEND = YES;
				ENABLE_TESTABILITY = YES;
				GCC_C_LANGUAGE_STANDARD = gnu11;
				GCC_DYNAMIC_NO_PIC = NO;
				GCC_NO_COMMON_BLOCKS = YES;
				GCC_PREPROCESSOR_DEFINITIONS = (
					"DEBUG=1",
					"$(inherited)",
					"AZOOMEE_ENVIRONMENT_${AZOOMEE_ENVIRONMENT}",
				);
				GCC_WARN_64_TO_32_BIT_CONVERSION = YES;
				GCC_WARN_ABOUT_RETURN_TYPE = YES_ERROR;
				GCC_WARN_UNDECLARED_SELECTOR = YES;
				GCC_WARN_UNINITIALIZED_AUTOS = YES_AGGRESSIVE;
				GCC_WARN_UNUSED_FUNCTION = YES;
				IPHONEOS_DEPLOYMENT_TARGET = 8.0;
				MTL_ENABLE_DEBUG_INFO = YES;
				OTHER_LDFLAGS = "-ObjC";
				PRODUCT_NAME = "$(TARGET_NAME)";
				SDKROOT = iphoneos;
				SKIP_INSTALL = YES;
				TARGETED_DEVICE_FAMILY = 1;
			};
			name = Debug;
		};
		9271D7AE20404C6400370120 /* Release */ = {
			isa = XCBuildConfiguration;
			buildSettings = {
				ALWAYS_SEARCH_USER_PATHS = NO;
				AZOOMEE_ENVIRONMENT = PROD;
				CLANG_ANALYZER_NONNULL = YES;
				CLANG_ANALYZER_NUMBER_OBJECT_CONVERSION = YES_AGGRESSIVE;
				CLANG_CXX_LANGUAGE_STANDARD = "gnu++14";
				CLANG_ENABLE_MODULES = YES;
				CLANG_ENABLE_OBJC_ARC = YES;
				CLANG_WARN_BLOCK_CAPTURE_AUTORELEASING = YES;
				CLANG_WARN_BOOL_CONVERSION = YES;
				CLANG_WARN_COMMA = YES;
				CLANG_WARN_CONSTANT_CONVERSION = YES;
				CLANG_WARN_DIRECT_OBJC_ISA_USAGE = YES_ERROR;
				CLANG_WARN_DOCUMENTATION_COMMENTS = YES;
				CLANG_WARN_EMPTY_BODY = YES;
				CLANG_WARN_ENUM_CONVERSION = YES;
				CLANG_WARN_INFINITE_RECURSION = YES;
				CLANG_WARN_INT_CONVERSION = YES;
				CLANG_WARN_NON_LITERAL_NULL_CONVERSION = YES;
				CLANG_WARN_OBJC_LITERAL_CONVERSION = YES;
				CLANG_WARN_OBJC_ROOT_CLASS = YES_ERROR;
				CLANG_WARN_RANGE_LOOP_ANALYSIS = YES;
				CLANG_WARN_STRICT_PROTOTYPES = YES;
				CLANG_WARN_SUSPICIOUS_MOVE = YES;
				CLANG_WARN_UNGUARDED_AVAILABILITY = YES_AGGRESSIVE;
				CLANG_WARN_UNREACHABLE_CODE = YES;
				CLANG_WARN__DUPLICATE_METHOD_MATCH = YES;
				CODE_SIGN_IDENTITY = "iPhone Developer";
				CODE_SIGN_STYLE = Automatic;
				COPY_PHASE_STRIP = NO;
				DEBUG_INFORMATION_FORMAT = "dwarf-with-dsym";
				DEVELOPMENT_TEAM = Q986XSP3A8;
				ENABLE_NS_ASSERTIONS = NO;
				ENABLE_STRICT_OBJC_MSGSEND = YES;
				GCC_C_LANGUAGE_STANDARD = gnu11;
				GCC_NO_COMMON_BLOCKS = YES;
				GCC_PREPROCESSOR_DEFINITIONS = (
					NDEBUG,
					"AZOOMEE_ENVIRONMENT_${AZOOMEE_ENVIRONMENT}",
				);
				GCC_WARN_64_TO_32_BIT_CONVERSION = YES;
				GCC_WARN_ABOUT_RETURN_TYPE = YES_ERROR;
				GCC_WARN_UNDECLARED_SELECTOR = YES;
				GCC_WARN_UNINITIALIZED_AUTOS = YES_AGGRESSIVE;
				GCC_WARN_UNUSED_FUNCTION = YES;
				IPHONEOS_DEPLOYMENT_TARGET = 8.0;
				MTL_ENABLE_DEBUG_INFO = NO;
				OTHER_LDFLAGS = "-ObjC";
				PRODUCT_NAME = "$(TARGET_NAME)";
				SDKROOT = iphoneos;
				SKIP_INSTALL = YES;
				TARGETED_DEVICE_FAMILY = 1;
			};
			name = Release;
		};
		C01FCF4F08A954540054247B /* Debug */ = {
			isa = XCBuildConfiguration;
			buildSettings = {
				CLANG_CXX_LANGUAGE_STANDARD = "c++0x";
				CLANG_CXX_LIBRARY = "libc++";
				COPY_PHASE_STRIP = NO;
				GCC_OPTIMIZATION_LEVEL = 0;
				GCC_WARN_ABOUT_RETURN_TYPE = YES;
				GCC_WARN_UNUSED_VARIABLE = YES;
				HEADER_SEARCH_PATHS = (
					"$(SRCROOT)/../cocos2d",
					"$(SRCROOT)/../cocos2d/cocos/audio/include",
					"$(SRCROOT)/../cocos2d/cocos",
					"$(SRCROOT)/../cocos2d/extensions",
					"$(SRCROOT)/../cocos2d/external",
					"$(SRCROOT)/../cocos2d/external/chipmunk/include/chipmunk",
				);
				IPHONEOS_DEPLOYMENT_TARGET = 6.0;
				MACOSX_DEPLOYMENT_TARGET = 10.7;
				ONLY_ACTIVE_ARCH = YES;
				PRODUCT_NAME = "$(TARGET_NAME)";
				SDKROOT = macosx;
			};
			name = Debug;
		};
		C01FCF5008A954540054247B /* Release */ = {
			isa = XCBuildConfiguration;
			buildSettings = {
				CLANG_CXX_LANGUAGE_STANDARD = "c++0x";
				CLANG_CXX_LIBRARY = "libc++";
				GCC_WARN_ABOUT_RETURN_TYPE = YES;
				GCC_WARN_UNUSED_VARIABLE = YES;
				HEADER_SEARCH_PATHS = (
					"$(SRCROOT)/../cocos2d",
					"$(SRCROOT)/../cocos2d/cocos/audio/include",
					"$(SRCROOT)/../cocos2d/cocos",
					"$(SRCROOT)/../cocos2d/extensions",
					"$(SRCROOT)/../cocos2d/external",
					"$(SRCROOT)/../cocos2d/external/chipmunk/include/chipmunk",
				);
				IPHONEOS_DEPLOYMENT_TARGET = 6.0;
				MACOSX_DEPLOYMENT_TARGET = 10.7;
				OTHER_CFLAGS = "-DNS_BLOCK_ASSERTIONS=1";
				PRODUCT_NAME = "$(TARGET_NAME)";
				SDKROOT = macosx;
				VALIDATE_PRODUCT = YES;
			};
			name = Release;
		};
/* End XCBuildConfiguration section */

/* Begin XCConfigurationList section */
		1D6058960D05DD3E006BFB54 /* Build configuration list for PBXNativeTarget "AzoomeeOomeeMaker-mobile" */ = {
			isa = XCConfigurationList;
			buildConfigurations = (
				1D6058940D05DD3E006BFB54 /* Debug */,
				1D6058950D05DD3E006BFB54 /* Release */,
				302A156622C3C358001EACB1 /* CI */,
				302A156E22C3C35B001EACB1 /* Test */,
			);
			defaultConfigurationIsVisible = 0;
			defaultConfigurationName = Debug;
		};
		9271D7AC20404C6400370120 /* Build configuration list for PBXNativeTarget "AzoomeeOomeeMaker" */ = {
			isa = XCConfigurationList;
			buildConfigurations = (
				9271D7AD20404C6400370120 /* Debug */,
				9271D7AE20404C6400370120 /* Release */,
				302A156722C3C358001EACB1 /* CI */,
				302A156F22C3C35B001EACB1 /* Test */,
			);
			defaultConfigurationIsVisible = 0;
			defaultConfigurationName = Debug;
		};
		C01FCF4E08A954540054247B /* Build configuration list for PBXProject "AzoomeeOomeeMaker" */ = {
			isa = XCConfigurationList;
			buildConfigurations = (
				C01FCF4F08A954540054247B /* Debug */,
				C01FCF5008A954540054247B /* Release */,
				302A156522C3C358001EACB1 /* CI */,
				302A156D22C3C35B001EACB1 /* Test */,
			);
			defaultConfigurationIsVisible = 0;
			defaultConfigurationName = Debug;
		};
/* End XCConfigurationList section */
	};
	rootObject = 29B97313FDCFA39411CA2CEA /* Project object */;
}
